// !$*UTF8*$!
{
	archiveVersion = 1;
	classes = {
	};
	objectVersion = 55;
	objects = {

/* Begin PBXBuildFile section */
		18D02BCD28CA2F02008018F1 /* Reteno.docc in Sources */ = {isa = PBXBuildFile; fileRef = 18D02BCC28CA2F02008018F1 /* Reteno.docc */; };
		18D02BD928CA2F02008018F1 /* Reteno.h in Headers */ = {isa = PBXBuildFile; fileRef = 18D02BCB28CA2F02008018F1 /* Reteno.h */; settings = {ATTRIBUTES = (Public, ); }; };
		E04C5D6A2C8EF11E00B00D6A /* Analytics+SwiftUI.swift in Sources */ = {isa = PBXBuildFile; fileRef = E04C5CAE2C8EF11E00B00D6A /* Analytics+SwiftUI.swift */; };
		E04C5D6B2C8EF11E00B00D6A /* Analytics+UIViewController.swift in Sources */ = {isa = PBXBuildFile; fileRef = E04C5CAF2C8EF11E00B00D6A /* Analytics+UIViewController.swift */; };
		E04C5D6C2C8EF11E00B00D6A /* Analytics+UNUserNotificationCenter.swift in Sources */ = {isa = PBXBuildFile; fileRef = E04C5CB02C8EF11E00B00D6A /* Analytics+UNUserNotificationCenter.swift */; };
		E04C5D6D2C8EF11E00B00D6A /* AnalyticsService.swift in Sources */ = {isa = PBXBuildFile; fileRef = E04C5CB12C8EF11E00B00D6A /* AnalyticsService.swift */; };
		E04C5D6E2C8EF11E00B00D6A /* AppLifecycleAnalyticsSevice.swift in Sources */ = {isa = PBXBuildFile; fileRef = E04C5CB22C8EF11E00B00D6A /* AppLifecycleAnalyticsSevice.swift */; };
		E04C5D6F2C8EF11E00B00D6A /* AppInbox.swift in Sources */ = {isa = PBXBuildFile; fileRef = E04C5CB42C8EF11E00B00D6A /* AppInbox.swift */; };
		E04C5D702C8EF11E00B00D6A /* AppInboxMessage.swift in Sources */ = {isa = PBXBuildFile; fileRef = E04C5CB52C8EF11E00B00D6A /* AppInboxMessage.swift */; };
		E04C5D712C8EF11E00B00D6A /* AppInboxMessageStorableId.swift in Sources */ = {isa = PBXBuildFile; fileRef = E04C5CB62C8EF11E00B00D6A /* AppInboxMessageStorableId.swift */; };
		E04C5D722C8EF11E00B00D6A /* AnalyticsServiceBuilder.swift in Sources */ = {isa = PBXBuildFile; fileRef = E04C5CB82C8EF11E00B00D6A /* AnalyticsServiceBuilder.swift */; };
		E04C5D732C8EF11E00B00D6A /* EventsSenderSchedulerBuilder.swift in Sources */ = {isa = PBXBuildFile; fileRef = E04C5CB92C8EF11E00B00D6A /* EventsSenderSchedulerBuilder.swift */; };
		E04C5D742C8EF11E00B00D6A /* MobileRequestServiceBuilder.swift in Sources */ = {isa = PBXBuildFile; fileRef = E04C5CBA2C8EF11E00B00D6A /* MobileRequestServiceBuilder.swift */; };
		E04C5D752C8EF11E00B00D6A /* NetworkBuilder.swift in Sources */ = {isa = PBXBuildFile; fileRef = E04C5CBB2C8EF11E00B00D6A /* NetworkBuilder.swift */; };
		E04C5D762C8EF11E00B00D6A /* SendingServiceBuilder.swift in Sources */ = {isa = PBXBuildFile; fileRef = E04C5CBC2C8EF11E00B00D6A /* SendingServiceBuilder.swift */; };
		E04C5D772C8EF11E00B00D6A /* StorageBuilder.swift in Sources */ = {isa = PBXBuildFile; fileRef = E04C5CBD2C8EF11E00B00D6A /* StorageBuilder.swift */; };
		E04C5D782C8EF11E00B00D6A /* UnauthorizedAuthNetworkBuilder.swift in Sources */ = {isa = PBXBuildFile; fileRef = E04C5CBE2C8EF11E00B00D6A /* UnauthorizedAuthNetworkBuilder.swift */; };
		E04C5D792C8EF11E00B00D6A /* BaseBEDateFormatter.swift in Sources */ = {isa = PBXBuildFile; fileRef = E04C5CC02C8EF11E00B00D6A /* BaseBEDateFormatter.swift */; };
		E04C5D7A2C8EF11E00B00D6A /* Array+Extensions.swift in Sources */ = {isa = PBXBuildFile; fileRef = E04C5CC22C8EF11E00B00D6A /* Array+Extensions.swift */; };
		E04C5D7B2C8EF11E00B00D6A /* Codable+Dictionary.swift in Sources */ = {isa = PBXBuildFile; fileRef = E04C5CC32C8EF11E00B00D6A /* Codable+Dictionary.swift */; };
		E04C5D7C2C8EF11E00B00D6A /* Date+Utils.swift in Sources */ = {isa = PBXBuildFile; fileRef = E04C5CC42C8EF11E00B00D6A /* Date+Utils.swift */; };
		E04C5D7D2C8EF11E00B00D6A /* Operation+Extensions.swift in Sources */ = {isa = PBXBuildFile; fileRef = E04C5CC52C8EF11E00B00D6A /* Operation+Extensions.swift */; };
		E04C5D7E2C8EF11E00B00D6A /* Optional+Extensions.swift in Sources */ = {isa = PBXBuildFile; fileRef = E04C5CC62C8EF11E00B00D6A /* Optional+Extensions.swift */; };
		E04C5D7F2C8EF11E00B00D6A /* UIApplication+Extensions.swift in Sources */ = {isa = PBXBuildFile; fileRef = E04C5CC72C8EF11E00B00D6A /* UIApplication+Extensions.swift */; };
		E04C5D802C8EF11E00B00D6A /* AdvertisingIdHelper.swift in Sources */ = {isa = PBXBuildFile; fileRef = E04C5CC92C8EF11E00B00D6A /* AdvertisingIdHelper.swift */; };
		E04C5D812C8EF11E00B00D6A /* AppVersionHelper.swift in Sources */ = {isa = PBXBuildFile; fileRef = E04C5CCA2C8EF11E00B00D6A /* AppVersionHelper.swift */; };
		E04C5D822C8EF11E00B00D6A /* DeviceCategoryHelper.swift in Sources */ = {isa = PBXBuildFile; fileRef = E04C5CCB2C8EF11E00B00D6A /* DeviceCategoryHelper.swift */; };
		E04C5D832C8EF11E00B00D6A /* DeviceIdHelper.swift in Sources */ = {isa = PBXBuildFile; fileRef = E04C5CCC2C8EF11E00B00D6A /* DeviceIdHelper.swift */; };
		E04C5D842C8EF11E00B00D6A /* DevicePlatformHelper.swift in Sources */ = {isa = PBXBuildFile; fileRef = E04C5CCD2C8EF11E00B00D6A /* DevicePlatformHelper.swift */; };
		E04C5D852C8EF11E00B00D6A /* ApiKeyHelper.swift in Sources */ = {isa = PBXBuildFile; fileRef = E04C5CCF2C8EF11E00B00D6A /* ApiKeyHelper.swift */; };
		E04C5D862C8EF11E00B00D6A /* BundleIdHelper.swift in Sources */ = {isa = PBXBuildFile; fileRef = E04C5CD02C8EF11E00B00D6A /* BundleIdHelper.swift */; };
		E04C5D872C8EF11E00B00D6A /* DebugModeHelper.swift in Sources */ = {isa = PBXBuildFile; fileRef = E04C5CD12C8EF11E00B00D6A /* DebugModeHelper.swift */; };
		E04C5D882C8EF11E00B00D6A /* ExternalUserDataHelper.swift in Sources */ = {isa = PBXBuildFile; fileRef = E04C5CD22C8EF11E00B00D6A /* ExternalUserDataHelper.swift */; };
		E04C5D892C8EF11E00B00D6A /* ExternalUserIdHelper.swift in Sources */ = {isa = PBXBuildFile; fileRef = E04C5CD32C8EF11E00B00D6A /* ExternalUserIdHelper.swift */; };
		E04C5D8A2C8EF11E00B00D6A /* JSONConverterHelper.swift in Sources */ = {isa = PBXBuildFile; fileRef = E04C5CD42C8EF11E00B00D6A /* JSONConverterHelper.swift */; };
		E04C5D8B2C8EF11E00B00D6A /* RetenoNotificationsHelper.swift in Sources */ = {isa = PBXBuildFile; fileRef = E04C5CD52C8EF11E00B00D6A /* RetenoNotificationsHelper.swift */; };
		E04C5D8C2C8EF11E00B00D6A /* ErrorLogger.swift in Sources */ = {isa = PBXBuildFile; fileRef = E04C5CD72C8EF11E00B00D6A /* ErrorLogger.swift */; };
		E04C5D8D2C8EF11E00B00D6A /* Logger.swift in Sources */ = {isa = PBXBuildFile; fileRef = E04C5CD82C8EF11E00B00D6A /* Logger.swift */; };
		E04C5D8E2C8EF11E00B00D6A /* EventsSender.swift in Sources */ = {isa = PBXBuildFile; fileRef = E04C5CDA2C8EF11E00B00D6A /* EventsSender.swift */; };
		E04C5D8F2C8EF11E00B00D6A /* ExpirableData.swift in Sources */ = {isa = PBXBuildFile; fileRef = E04C5CDB2C8EF11E00B00D6A /* ExpirableData.swift */; };
		E04C5D902C8EF11E00B00D6A /* Groupable.swift in Sources */ = {isa = PBXBuildFile; fileRef = E04C5CDC2C8EF11E00B00D6A /* Groupable.swift */; };
		E04C5D912C8EF11E00B00D6A /* JSONInitable.swift in Sources */ = {isa = PBXBuildFile; fileRef = E04C5CDD2C8EF11E00B00D6A /* JSONInitable.swift */; };
		E04C5D922C8EF11E00B00D6A /* DecodableResponseHandler.swift in Sources */ = {isa = PBXBuildFile; fileRef = E04C5CDF2C8EF11E00B00D6A /* DecodableResponseHandler.swift */; };
		E04C5D932C8EF11E00B00D6A /* DictionaryResponseHandler.swift in Sources */ = {isa = PBXBuildFile; fileRef = E04C5CE02C8EF11E00B00D6A /* DictionaryResponseHandler.swift */; };
		E04C5D942C8EF11E00B00D6A /* EmptyResponseHandler.swift in Sources */ = {isa = PBXBuildFile; fileRef = E04C5CE12C8EF11E00B00D6A /* EmptyResponseHandler.swift */; };
		E04C5D952C8EF11E00B00D6A /* RecomsResponseHandler.swift in Sources */ = {isa = PBXBuildFile; fileRef = E04C5CE22C8EF11E00B00D6A /* RecomsResponseHandler.swift */; };
		E04C5D962C8EF11E00B00D6A /* ResponseHandler.swift in Sources */ = {isa = PBXBuildFile; fileRef = E04C5CE32C8EF11E00B00D6A /* ResponseHandler.swift */; };
		E04C5D972C8EF11E00B00D6A /* Autolayout.swift in Sources */ = {isa = PBXBuildFile; fileRef = E04C5CE52C8EF11E00B00D6A /* Autolayout.swift */; };
		E04C5D982C8EF11E00B00D6A /* Reteno.swift in Sources */ = {isa = PBXBuildFile; fileRef = E04C5CE82C8EF11E00B00D6A /* Reteno.swift */; };
		E04C5D992C8EF11E00B00D6A /* RetenoConfiguration.swift in Sources */ = {isa = PBXBuildFile; fileRef = E04C5CE92C8EF11E00B00D6A /* RetenoConfiguration.swift */; };
		E04C5D9A2C8EF11E00B00D6A /* DeepLinksProcessor.swift in Sources */ = {isa = PBXBuildFile; fileRef = E04C5CEB2C8EF11E00B00D6A /* DeepLinksProcessor.swift */; };
		E04C5D9B2C8EF11E00B00D6A /* StorableLink.swift in Sources */ = {isa = PBXBuildFile; fileRef = E04C5CEC2C8EF11E00B00D6A /* StorableLink.swift */; };
		E04C5D9C2C8EF11E00B00D6A /* Order.swift in Sources */ = {isa = PBXBuildFile; fileRef = E04C5CEE2C8EF11E00B00D6A /* Order.swift */; };
		E04C5D9D2C8EF11E00B00D6A /* Product.swift in Sources */ = {isa = PBXBuildFile; fileRef = E04C5CEF2C8EF11E00B00D6A /* Product.swift */; };
		E04C5D9E2C8EF11E00B00D6A /* ProductCategory.swift in Sources */ = {isa = PBXBuildFile; fileRef = E04C5CF02C8EF11E00B00D6A /* ProductCategory.swift */; };
		E04C5D9F2C8EF11E00B00D6A /* ProductInCart.swift in Sources */ = {isa = PBXBuildFile; fileRef = E04C5CF12C8EF11E00B00D6A /* ProductInCart.swift */; };
		E04C5DA02C8EF11E00B00D6A /* EcommerceEvent.swift in Sources */ = {isa = PBXBuildFile; fileRef = E04C5CF32C8EF11E00B00D6A /* EcommerceEvent.swift */; };
		E04C5DA12C8EF11E00B00D6A /* Ecommerce.swift in Sources */ = {isa = PBXBuildFile; fileRef = E04C5CF52C8EF11E00B00D6A /* Ecommerce.swift */; };
		E04C5DA22C8EF11E00B00D6A /* InAppMessageWebViewController.swift in Sources */ = {isa = PBXBuildFile; fileRef = E04C5CF72C8EF11E00B00D6A /* InAppMessageWebViewController.swift */; };
		E04C5DA32C8EF11E00B00D6A /* InApp.swift in Sources */ = {isa = PBXBuildFile; fileRef = E04C5CF92C8EF11E00B00D6A /* InApp.swift */; };
		E04C5DA42C8EF11E00B00D6A /* InAppAsyncCheck.swift in Sources */ = {isa = PBXBuildFile; fileRef = E04C5CFA2C8EF11E00B00D6A /* InAppAsyncCheck.swift */; };
		E04C5DA52C8EF11E00B00D6A /* InAppContents.swift in Sources */ = {isa = PBXBuildFile; fileRef = E04C5CFB2C8EF11E00B00D6A /* InAppContents.swift */; };
		E04C5DA62C8EF11E00B00D6A /* InAppMessage.swift in Sources */ = {isa = PBXBuildFile; fileRef = E04C5CFC2C8EF11E00B00D6A /* InAppMessage.swift */; };
		E04C5DA72C8EF11E00B00D6A /* InAppMessageLists.swift in Sources */ = {isa = PBXBuildFile; fileRef = E04C5CFD2C8EF11E00B00D6A /* InAppMessageLists.swift */; };
		E04C5DA82C8EF11E00B00D6A /* InAppScriptMessage.swift in Sources */ = {isa = PBXBuildFile; fileRef = E04C5CFE2C8EF11E00B00D6A /* InAppScriptMessage.swift */; };
		E04C5DA92C8EF11E00B00D6A /* NewInteraction.swift in Sources */ = {isa = PBXBuildFile; fileRef = E04C5CFF2C8EF11E00B00D6A /* NewInteraction.swift */; };
		E04C5DAA2C8EF11E00B00D6A /* InAppRequestService.swift in Sources */ = {isa = PBXBuildFile; fileRef = E04C5D012C8EF11E00B00D6A /* InAppRequestService.swift */; };
		E04C5DAB2C8EF11E00B00D6A /* InAppService.swift in Sources */ = {isa = PBXBuildFile; fileRef = E04C5D022C8EF11E00B00D6A /* InAppService.swift */; };
		E04C5DAC2C8EF11E00B00D6A /* InAppMessagePresenter.swift in Sources */ = {isa = PBXBuildFile; fileRef = E04C5D042C8EF11E00B00D6A /* InAppMessagePresenter.swift */; };
		E04C5DAD2C8EF11E00B00D6A /* InAppMessages.swift in Sources */ = {isa = PBXBuildFile; fileRef = E04C5D052C8EF11E00B00D6A /* InAppMessages.swift */; };
		E04C5DAE2C8EF11E00B00D6A /* InAppMessageStatus.swift in Sources */ = {isa = PBXBuildFile; fileRef = E04C5D062C8EF11E00B00D6A /* InAppMessageStatus.swift */; };
		E04C5DAF2C8EF11E00B00D6A /* PauseBehavior.swift in Sources */ = {isa = PBXBuildFile; fileRef = E04C5D072C8EF11E00B00D6A /* PauseBehavior.swift */; };
		E04C5DB02C8EF11E00B00D6A /* LinkHandler.swift in Sources */ = {isa = PBXBuildFile; fileRef = E04C5D092C8EF11E00B00D6A /* LinkHandler.swift */; };
		E04C5DB12C8EF11E00B00D6A /* APIClientError.swift in Sources */ = {isa = PBXBuildFile; fileRef = E04C5D0B2C8EF11E00B00D6A /* APIClientError.swift */; };
		E04C5DB22C8EF11E00B00D6A /* APIStatusError.swift in Sources */ = {isa = PBXBuildFile; fileRef = E04C5D0C2C8EF11E00B00D6A /* APIStatusError.swift */; };
		E04C5DB32C8EF11E00B00D6A /* ContainerError.swift in Sources */ = {isa = PBXBuildFile; fileRef = E04C5D0D2C8EF11E00B00D6A /* ContainerError.swift */; };
		E04C5DB42C8EF11E00B00D6A /* NetworkError.swift in Sources */ = {isa = PBXBuildFile; fileRef = E04C5D0E2C8EF11E00B00D6A /* NetworkError.swift */; };
		E04C5DB52C8EF11E00B00D6A /* APIRequest.swift in Sources */ = {isa = PBXBuildFile; fileRef = E04C5D102C8EF11E00B00D6A /* APIRequest.swift */; };
		E04C5DB62C8EF11E00B00D6A /* BaseURL.swift in Sources */ = {isa = PBXBuildFile; fileRef = E04C5D112C8EF11E00B00D6A /* BaseURL.swift */; };
		E04C5DB72C8EF11E00B00D6A /* Dictionary+getHeaderValue.swift in Sources */ = {isa = PBXBuildFile; fileRef = E04C5D122C8EF11E00B00D6A /* Dictionary+getHeaderValue.swift */; };
		E04C5DB82C8EF11E00B00D6A /* HTTPMethod.swift in Sources */ = {isa = PBXBuildFile; fileRef = E04C5D132C8EF11E00B00D6A /* HTTPMethod.swift */; };
		E04C5DB92C8EF11E00B00D6A /* ParameterEncoding.swift in Sources */ = {isa = PBXBuildFile; fileRef = E04C5D142C8EF11E00B00D6A /* ParameterEncoding.swift */; };
		E04C5DBA2C8EF11E00B00D6A /* RequestDecorator.swift in Sources */ = {isa = PBXBuildFile; fileRef = E04C5D152C8EF11E00B00D6A /* RequestDecorator.swift */; };
		E04C5DBB2C8EF11E00B00D6A /* RequestManager.swift in Sources */ = {isa = PBXBuildFile; fileRef = E04C5D162C8EF11E00B00D6A /* RequestManager.swift */; };
		E04C5DBC2C8EF11E00B00D6A /* ResponseData.swift in Sources */ = {isa = PBXBuildFile; fileRef = E04C5D172C8EF11E00B00D6A /* ResponseData.swift */; };
		E04C5DBD2C8EF11E00B00D6A /* RecommendableProduct.swift in Sources */ = {isa = PBXBuildFile; fileRef = E04C5D192C8EF11E00B00D6A /* RecommendableProduct.swift */; };
		E04C5DBE2C8EF11E00B00D6A /* RecomEvent.swift in Sources */ = {isa = PBXBuildFile; fileRef = E04C5D1B2C8EF11E00B00D6A /* RecomEvent.swift */; };
		E04C5DBF2C8EF11E00B00D6A /* RecomEvents.swift in Sources */ = {isa = PBXBuildFile; fileRef = E04C5D1C2C8EF11E00B00D6A /* RecomEvents.swift */; };
		E04C5DC02C8EF11E00B00D6A /* RecomFilter.swift in Sources */ = {isa = PBXBuildFile; fileRef = E04C5D1D2C8EF11E00B00D6A /* RecomFilter.swift */; };
		E04C5DC12C8EF11E00B00D6A /* Recommendations.swift in Sources */ = {isa = PBXBuildFile; fileRef = E04C5D1E2C8EF11E00B00D6A /* Recommendations.swift */; };
		E04C5DC22C8EF11E00B00D6A /* AppInboxMessagesRequest.swift in Sources */ = {isa = PBXBuildFile; fileRef = E04C5D202C8EF11E00B00D6A /* AppInboxMessagesRequest.swift */; };
		E04C5DC32C8EF11E00B00D6A /* AppInboxMessagesResponse.swift in Sources */ = {isa = PBXBuildFile; fileRef = E04C5D212C8EF11E00B00D6A /* AppInboxMessagesResponse.swift */; };
		E04C5DC42C8EF11E00B00D6A /* AppInboxMessagesCountRequest.swift in Sources */ = {isa = PBXBuildFile; fileRef = E04C5D232C8EF11E00B00D6A /* AppInboxMessagesCountRequest.swift */; };
		E04C5DC52C8EF11E00B00D6A /* AppInboxMessagesCountResponse.swift in Sources */ = {isa = PBXBuildFile; fileRef = E04C5D242C8EF11E00B00D6A /* AppInboxMessagesCountResponse.swift */; };
		E04C5DC62C8EF11E00B00D6A /* AppInboxMarkAsOpenedRequest.swift in Sources */ = {isa = PBXBuildFile; fileRef = E04C5D262C8EF11E00B00D6A /* AppInboxMarkAsOpenedRequest.swift */; };
		E04C5DC72C8EF11E00B00D6A /* Device.swift in Sources */ = {isa = PBXBuildFile; fileRef = E04C5D282C8EF11E00B00D6A /* Device.swift */; };
		E04C5DC82C8EF11E00B00D6A /* DeviceCategory.swift in Sources */ = {isa = PBXBuildFile; fileRef = E04C5D292C8EF11E00B00D6A /* DeviceCategory.swift */; };
		E04C5DC92C8EF11E00B00D6A /* DeviceRequest.swift in Sources */ = {isa = PBXBuildFile; fileRef = E04C5D2A2C8EF11E00B00D6A /* DeviceRequest.swift */; };
		E04C5DCA2C8EF11E00B00D6A /* EmptyResponse.swift in Sources */ = {isa = PBXBuildFile; fileRef = E04C5D2C2C8EF11E00B00D6A /* EmptyResponse.swift */; };
		E04C5DCB2C8EF11E00B00D6A /* ErrorEvent.swift in Sources */ = {isa = PBXBuildFile; fileRef = E04C5D2E2C8EF11E00B00D6A /* ErrorEvent.swift */; };
		E04C5DCC2C8EF11E00B00D6A /* ErrorEventRequest.swift in Sources */ = {isa = PBXBuildFile; fileRef = E04C5D2F2C8EF11E00B00D6A /* ErrorEventRequest.swift */; };
		E04C5DCD2C8EF11E00B00D6A /* Event.swift in Sources */ = {isa = PBXBuildFile; fileRef = E04C5D312C8EF11E00B00D6A /* Event.swift */; };
		E04C5DCE2C8EF11E00B00D6A /* EventRequest.swift in Sources */ = {isa = PBXBuildFile; fileRef = E04C5D322C8EF11E00B00D6A /* EventRequest.swift */; };
		E04C5DCF2C8EF11E00B00D6A /* InAppBaseHTMLRequest.swift in Sources */ = {isa = PBXBuildFile; fileRef = E04C5D342C8EF11E00B00D6A /* InAppBaseHTMLRequest.swift */; };
		E04C5DD02C8EF11E00B00D6A /* InAppCheckAsyncRulesRequest.swift in Sources */ = {isa = PBXBuildFile; fileRef = E04C5D352C8EF11E00B00D6A /* InAppCheckAsyncRulesRequest.swift */; };
		E04C5DD12C8EF11E00B00D6A /* InAppMessageContentRequest.swift in Sources */ = {isa = PBXBuildFile; fileRef = E04C5D362C8EF11E00B00D6A /* InAppMessageContentRequest.swift */; };
		E04C5DD22C8EF11E00B00D6A /* InAppMessageRequest.swift in Sources */ = {isa = PBXBuildFile; fileRef = E04C5D372C8EF11E00B00D6A /* InAppMessageRequest.swift */; };
		E04C5DD32C8EF11E00B00D6A /* InAppMessagesRequest.swift in Sources */ = {isa = PBXBuildFile; fileRef = E04C5D382C8EF11E00B00D6A /* InAppMessagesRequest.swift */; };
		E04C5DD42C8EF11E00B00D6A /* InAppScriptEventRequest.swift in Sources */ = {isa = PBXBuildFile; fileRef = E04C5D392C8EF11E00B00D6A /* InAppScriptEventRequest.swift */; };
		E04C5DD52C8EF11E00B00D6A /* NewInAppInteractionRequest.swift in Sources */ = {isa = PBXBuildFile; fileRef = E04C5D3A2C8EF11E00B00D6A /* NewInAppInteractionRequest.swift */; };
		E04C5DD62C8EF11E00B00D6A /* RecomEventsRequest.swift in Sources */ = {isa = PBXBuildFile; fileRef = E04C5D3C2C8EF11E00B00D6A /* RecomEventsRequest.swift */; };
		E04C5DD72C8EF11E00B00D6A /* RecomsRequest.swift in Sources */ = {isa = PBXBuildFile; fileRef = E04C5D3D2C8EF11E00B00D6A /* RecomsRequest.swift */; };
		E04C5DD82C8EF11E00B00D6A /* RegisterLinkClickRequest.swift in Sources */ = {isa = PBXBuildFile; fileRef = E04C5D3F2C8EF11E00B00D6A /* RegisterLinkClickRequest.swift */; };
		E04C5DD92C8EF11E00B00D6A /* InteractionStatus.swift in Sources */ = {isa = PBXBuildFile; fileRef = E04C5D412C8EF11E00B00D6A /* InteractionStatus.swift */; };
		E04C5DDA2C8EF11E00B00D6A /* NotificationStatus.swift in Sources */ = {isa = PBXBuildFile; fileRef = E04C5D422C8EF11E00B00D6A /* NotificationStatus.swift */; };
		E04C5DDB2C8EF11E00B00D6A /* UpdateInteractionStatusRequest.swift in Sources */ = {isa = PBXBuildFile; fileRef = E04C5D432C8EF11E00B00D6A /* UpdateInteractionStatusRequest.swift */; };
		E04C5DDC2C8EF11E00B00D6A /* Address.swift in Sources */ = {isa = PBXBuildFile; fileRef = E04C5D452C8EF11E00B00D6A /* Address.swift */; };
		E04C5DDD2C8EF11E00B00D6A /* AnonymousUserAttributes.swift in Sources */ = {isa = PBXBuildFile; fileRef = E04C5D462C8EF11E00B00D6A /* AnonymousUserAttributes.swift */; };
		E04C5DDE2C8EF11E00B00D6A /* UpdateUserAttributesRequest.swift in Sources */ = {isa = PBXBuildFile; fileRef = E04C5D472C8EF11E00B00D6A /* UpdateUserAttributesRequest.swift */; };
		E04C5DDF2C8EF11E00B00D6A /* User.swift in Sources */ = {isa = PBXBuildFile; fileRef = E04C5D482C8EF11E00B00D6A /* User.swift */; };
		E04C5DE02C8EF11E00B00D6A /* UserAttributes.swift in Sources */ = {isa = PBXBuildFile; fileRef = E04C5D492C8EF11E00B00D6A /* UserAttributes.swift */; };
		E04C5DE12C8EF11E00B00D6A /* UserCustomField.swift in Sources */ = {isa = PBXBuildFile; fileRef = E04C5D4A2C8EF11E00B00D6A /* UserCustomField.swift */; };
		E04C5DE22C8EF11E00B00D6A /* DateOperation.swift in Sources */ = {isa = PBXBuildFile; fileRef = E04C5D4D2C8EF11E00B00D6A /* DateOperation.swift */; };
		E04C5DE32C8EF11E00B00D6A /* MessagesCountOperation.swift in Sources */ = {isa = PBXBuildFile; fileRef = E04C5D4E2C8EF11E00B00D6A /* MessagesCountOperation.swift */; };
		E04C5DE42C8EF11E00B00D6A /* NetworkOperation.swift in Sources */ = {isa = PBXBuildFile; fileRef = E04C5D4F2C8EF11E00B00D6A /* NetworkOperation.swift */; };
		E04C5DE52C8EF11E00B00D6A /* RegisterLinkClickOperation.swift in Sources */ = {isa = PBXBuildFile; fileRef = E04C5D502C8EF11E00B00D6A /* RegisterLinkClickOperation.swift */; };
		E04C5DE62C8EF11E00B00D6A /* SendAppInboxMessagesIdsOperation.swift in Sources */ = {isa = PBXBuildFile; fileRef = E04C5D512C8EF11E00B00D6A /* SendAppInboxMessagesIdsOperation.swift */; };
		E04C5DE72C8EF11E00B00D6A /* SendDeviceOperation.swift in Sources */ = {isa = PBXBuildFile; fileRef = E04C5D522C8EF11E00B00D6A /* SendDeviceOperation.swift */; };
		E04C5DE82C8EF11E00B00D6A /* SendErrorEventsOperation.swift in Sources */ = {isa = PBXBuildFile; fileRef = E04C5D532C8EF11E00B00D6A /* SendErrorEventsOperation.swift */; };
		E04C5DE92C8EF11E00B00D6A /* SendEventsOperation.swift in Sources */ = {isa = PBXBuildFile; fileRef = E04C5D542C8EF11E00B00D6A /* SendEventsOperation.swift */; };
		E04C5DEA2C8EF11E00B00D6A /* SendNotificationsStatusOperation.swift in Sources */ = {isa = PBXBuildFile; fileRef = E04C5D552C8EF11E00B00D6A /* SendNotificationsStatusOperation.swift */; };
		E04C5DEB2C8EF11E00B00D6A /* SendRecomEventsOperation.swift in Sources */ = {isa = PBXBuildFile; fileRef = E04C5D562C8EF11E00B00D6A /* SendRecomEventsOperation.swift */; };
		E04C5DEC2C8EF11E00B00D6A /* SendUserOperation.swift in Sources */ = {isa = PBXBuildFile; fileRef = E04C5D572C8EF11E00B00D6A /* SendUserOperation.swift */; };
		E04C5DED2C8EF11E00B00D6A /* EventsSenderScheduler.swift in Sources */ = {isa = PBXBuildFile; fileRef = E04C5D592C8EF11E00B00D6A /* EventsSenderScheduler.swift */; };
		E04C5DEE2C8EF11E00B00D6A /* MobileRequestService.swift in Sources */ = {isa = PBXBuildFile; fileRef = E04C5D5B2C8EF11E00B00D6A /* MobileRequestService.swift */; };
		E04C5DEF2C8EF11E00B00D6A /* SendingServices.swift in Sources */ = {isa = PBXBuildFile; fileRef = E04C5D5C2C8EF11E00B00D6A /* SendingServices.swift */; };
		E04C5DF02C8EF11E00B00D6A /* SessionService.swift in Sources */ = {isa = PBXBuildFile; fileRef = E04C5D5D2C8EF11E00B00D6A /* SessionService.swift */; };
		E04C5DF12C8EF11E00B00D6A /* KeyValueStorage.swift in Sources */ = {isa = PBXBuildFile; fileRef = E04C5D5F2C8EF11E00B00D6A /* KeyValueStorage.swift */; };
		E04C5DF22C8EF11E00B00D6A /* ImageCell.swift in Sources */ = {isa = PBXBuildFile; fileRef = E04C5D612C8EF11E00B00D6A /* ImageCell.swift */; };
		E04C5DF32C8EF11E00B00D6A /* RetenoCarouselNotificationViewController.swift in Sources */ = {isa = PBXBuildFile; fileRef = E04C5D622C8EF11E00B00D6A /* RetenoCarouselNotificationViewController.swift */; };
		E04C5DF42C8EF11E00B00D6A /* RetenoNotificationServiceExtension.swift in Sources */ = {isa = PBXBuildFile; fileRef = E04C5D642C8EF11E00B00D6A /* RetenoNotificationServiceExtension.swift */; };
		E04C5DF52C8EF11E00B00D6A /* RetenoUserNotification.swift in Sources */ = {isa = PBXBuildFile; fileRef = E04C5D652C8EF11E00B00D6A /* RetenoUserNotification.swift */; };
		E04C5DF62C8EF11E00B00D6A /* RetenoUserNotificationAction.swift in Sources */ = {isa = PBXBuildFile; fileRef = E04C5D662C8EF11E00B00D6A /* RetenoUserNotificationAction.swift */; };
		E04C5DF72C8EF11E00B00D6A /* UserNotificationService.swift in Sources */ = {isa = PBXBuildFile; fileRef = E04C5D672C8EF11E00B00D6A /* UserNotificationService.swift */; };
/* End PBXBuildFile section */

/* Begin PBXFileReference section */
		18D02BC828CA2F02008018F1 /* Reteno.framework */ = {isa = PBXFileReference; explicitFileType = wrapper.framework; includeInIndex = 0; path = Reteno.framework; sourceTree = BUILT_PRODUCTS_DIR; };
		18D02BCB28CA2F02008018F1 /* Reteno.h */ = {isa = PBXFileReference; lastKnownFileType = sourcecode.c.h; path = Reteno.h; sourceTree = "<group>"; };
		18D02BCC28CA2F02008018F1 /* Reteno.docc */ = {isa = PBXFileReference; lastKnownFileType = folder.documentationcatalog; path = Reteno.docc; sourceTree = "<group>"; };
		E04C5CAE2C8EF11E00B00D6A /* Analytics+SwiftUI.swift */ = {isa = PBXFileReference; fileEncoding = 4; lastKnownFileType = sourcecode.swift; path = "Analytics+SwiftUI.swift"; sourceTree = "<group>"; };
		E04C5CAF2C8EF11E00B00D6A /* Analytics+UIViewController.swift */ = {isa = PBXFileReference; fileEncoding = 4; lastKnownFileType = sourcecode.swift; path = "Analytics+UIViewController.swift"; sourceTree = "<group>"; };
		E04C5CB02C8EF11E00B00D6A /* Analytics+UNUserNotificationCenter.swift */ = {isa = PBXFileReference; fileEncoding = 4; lastKnownFileType = sourcecode.swift; path = "Analytics+UNUserNotificationCenter.swift"; sourceTree = "<group>"; };
		E04C5CB12C8EF11E00B00D6A /* AnalyticsService.swift */ = {isa = PBXFileReference; fileEncoding = 4; lastKnownFileType = sourcecode.swift; path = AnalyticsService.swift; sourceTree = "<group>"; };
		E04C5CB22C8EF11E00B00D6A /* AppLifecycleAnalyticsSevice.swift */ = {isa = PBXFileReference; fileEncoding = 4; lastKnownFileType = sourcecode.swift; path = AppLifecycleAnalyticsSevice.swift; sourceTree = "<group>"; };
		E04C5CB42C8EF11E00B00D6A /* AppInbox.swift */ = {isa = PBXFileReference; fileEncoding = 4; lastKnownFileType = sourcecode.swift; path = AppInbox.swift; sourceTree = "<group>"; };
		E04C5CB52C8EF11E00B00D6A /* AppInboxMessage.swift */ = {isa = PBXFileReference; fileEncoding = 4; lastKnownFileType = sourcecode.swift; path = AppInboxMessage.swift; sourceTree = "<group>"; };
		E04C5CB62C8EF11E00B00D6A /* AppInboxMessageStorableId.swift */ = {isa = PBXFileReference; fileEncoding = 4; lastKnownFileType = sourcecode.swift; path = AppInboxMessageStorableId.swift; sourceTree = "<group>"; };
		E04C5CB82C8EF11E00B00D6A /* AnalyticsServiceBuilder.swift */ = {isa = PBXFileReference; fileEncoding = 4; lastKnownFileType = sourcecode.swift; path = AnalyticsServiceBuilder.swift; sourceTree = "<group>"; };
		E04C5CB92C8EF11E00B00D6A /* EventsSenderSchedulerBuilder.swift */ = {isa = PBXFileReference; fileEncoding = 4; lastKnownFileType = sourcecode.swift; path = EventsSenderSchedulerBuilder.swift; sourceTree = "<group>"; };
		E04C5CBA2C8EF11E00B00D6A /* MobileRequestServiceBuilder.swift */ = {isa = PBXFileReference; fileEncoding = 4; lastKnownFileType = sourcecode.swift; path = MobileRequestServiceBuilder.swift; sourceTree = "<group>"; };
		E04C5CBB2C8EF11E00B00D6A /* NetworkBuilder.swift */ = {isa = PBXFileReference; fileEncoding = 4; lastKnownFileType = sourcecode.swift; path = NetworkBuilder.swift; sourceTree = "<group>"; };
		E04C5CBC2C8EF11E00B00D6A /* SendingServiceBuilder.swift */ = {isa = PBXFileReference; fileEncoding = 4; lastKnownFileType = sourcecode.swift; path = SendingServiceBuilder.swift; sourceTree = "<group>"; };
		E04C5CBD2C8EF11E00B00D6A /* StorageBuilder.swift */ = {isa = PBXFileReference; fileEncoding = 4; lastKnownFileType = sourcecode.swift; path = StorageBuilder.swift; sourceTree = "<group>"; };
		E04C5CBE2C8EF11E00B00D6A /* UnauthorizedAuthNetworkBuilder.swift */ = {isa = PBXFileReference; fileEncoding = 4; lastKnownFileType = sourcecode.swift; path = UnauthorizedAuthNetworkBuilder.swift; sourceTree = "<group>"; };
		E04C5CC02C8EF11E00B00D6A /* BaseBEDateFormatter.swift */ = {isa = PBXFileReference; fileEncoding = 4; lastKnownFileType = sourcecode.swift; path = BaseBEDateFormatter.swift; sourceTree = "<group>"; };
		E04C5CC22C8EF11E00B00D6A /* Array+Extensions.swift */ = {isa = PBXFileReference; fileEncoding = 4; lastKnownFileType = sourcecode.swift; path = "Array+Extensions.swift"; sourceTree = "<group>"; };
		E04C5CC32C8EF11E00B00D6A /* Codable+Dictionary.swift */ = {isa = PBXFileReference; fileEncoding = 4; lastKnownFileType = sourcecode.swift; path = "Codable+Dictionary.swift"; sourceTree = "<group>"; };
		E04C5CC42C8EF11E00B00D6A /* Date+Utils.swift */ = {isa = PBXFileReference; fileEncoding = 4; lastKnownFileType = sourcecode.swift; path = "Date+Utils.swift"; sourceTree = "<group>"; };
		E04C5CC52C8EF11E00B00D6A /* Operation+Extensions.swift */ = {isa = PBXFileReference; fileEncoding = 4; lastKnownFileType = sourcecode.swift; path = "Operation+Extensions.swift"; sourceTree = "<group>"; };
		E04C5CC62C8EF11E00B00D6A /* Optional+Extensions.swift */ = {isa = PBXFileReference; fileEncoding = 4; lastKnownFileType = sourcecode.swift; path = "Optional+Extensions.swift"; sourceTree = "<group>"; };
		E04C5CC72C8EF11E00B00D6A /* UIApplication+Extensions.swift */ = {isa = PBXFileReference; fileEncoding = 4; lastKnownFileType = sourcecode.swift; path = "UIApplication+Extensions.swift"; sourceTree = "<group>"; };
		E04C5CC92C8EF11E00B00D6A /* AdvertisingIdHelper.swift */ = {isa = PBXFileReference; fileEncoding = 4; lastKnownFileType = sourcecode.swift; path = AdvertisingIdHelper.swift; sourceTree = "<group>"; };
		E04C5CCA2C8EF11E00B00D6A /* AppVersionHelper.swift */ = {isa = PBXFileReference; fileEncoding = 4; lastKnownFileType = sourcecode.swift; path = AppVersionHelper.swift; sourceTree = "<group>"; };
		E04C5CCB2C8EF11E00B00D6A /* DeviceCategoryHelper.swift */ = {isa = PBXFileReference; fileEncoding = 4; lastKnownFileType = sourcecode.swift; path = DeviceCategoryHelper.swift; sourceTree = "<group>"; };
		E04C5CCC2C8EF11E00B00D6A /* DeviceIdHelper.swift */ = {isa = PBXFileReference; fileEncoding = 4; lastKnownFileType = sourcecode.swift; path = DeviceIdHelper.swift; sourceTree = "<group>"; };
		E04C5CCD2C8EF11E00B00D6A /* DevicePlatformHelper.swift */ = {isa = PBXFileReference; fileEncoding = 4; lastKnownFileType = sourcecode.swift; path = DevicePlatformHelper.swift; sourceTree = "<group>"; };
		E04C5CCF2C8EF11E00B00D6A /* ApiKeyHelper.swift */ = {isa = PBXFileReference; fileEncoding = 4; lastKnownFileType = sourcecode.swift; path = ApiKeyHelper.swift; sourceTree = "<group>"; };
		E04C5CD02C8EF11E00B00D6A /* BundleIdHelper.swift */ = {isa = PBXFileReference; fileEncoding = 4; lastKnownFileType = sourcecode.swift; path = BundleIdHelper.swift; sourceTree = "<group>"; };
		E04C5CD12C8EF11E00B00D6A /* DebugModeHelper.swift */ = {isa = PBXFileReference; fileEncoding = 4; lastKnownFileType = sourcecode.swift; path = DebugModeHelper.swift; sourceTree = "<group>"; };
		E04C5CD22C8EF11E00B00D6A /* ExternalUserDataHelper.swift */ = {isa = PBXFileReference; fileEncoding = 4; lastKnownFileType = sourcecode.swift; path = ExternalUserDataHelper.swift; sourceTree = "<group>"; };
		E04C5CD32C8EF11E00B00D6A /* ExternalUserIdHelper.swift */ = {isa = PBXFileReference; fileEncoding = 4; lastKnownFileType = sourcecode.swift; path = ExternalUserIdHelper.swift; sourceTree = "<group>"; };
		E04C5CD42C8EF11E00B00D6A /* JSONConverterHelper.swift */ = {isa = PBXFileReference; fileEncoding = 4; lastKnownFileType = sourcecode.swift; path = JSONConverterHelper.swift; sourceTree = "<group>"; };
		E04C5CD52C8EF11E00B00D6A /* RetenoNotificationsHelper.swift */ = {isa = PBXFileReference; fileEncoding = 4; lastKnownFileType = sourcecode.swift; path = RetenoNotificationsHelper.swift; sourceTree = "<group>"; };
		E04C5CD72C8EF11E00B00D6A /* ErrorLogger.swift */ = {isa = PBXFileReference; fileEncoding = 4; lastKnownFileType = sourcecode.swift; path = ErrorLogger.swift; sourceTree = "<group>"; };
		E04C5CD82C8EF11E00B00D6A /* Logger.swift */ = {isa = PBXFileReference; fileEncoding = 4; lastKnownFileType = sourcecode.swift; path = Logger.swift; sourceTree = "<group>"; };
		E04C5CDA2C8EF11E00B00D6A /* EventsSender.swift */ = {isa = PBXFileReference; fileEncoding = 4; lastKnownFileType = sourcecode.swift; path = EventsSender.swift; sourceTree = "<group>"; };
		E04C5CDB2C8EF11E00B00D6A /* ExpirableData.swift */ = {isa = PBXFileReference; fileEncoding = 4; lastKnownFileType = sourcecode.swift; path = ExpirableData.swift; sourceTree = "<group>"; };
		E04C5CDC2C8EF11E00B00D6A /* Groupable.swift */ = {isa = PBXFileReference; fileEncoding = 4; lastKnownFileType = sourcecode.swift; path = Groupable.swift; sourceTree = "<group>"; };
		E04C5CDD2C8EF11E00B00D6A /* JSONInitable.swift */ = {isa = PBXFileReference; fileEncoding = 4; lastKnownFileType = sourcecode.swift; path = JSONInitable.swift; sourceTree = "<group>"; };
		E04C5CDF2C8EF11E00B00D6A /* DecodableResponseHandler.swift */ = {isa = PBXFileReference; fileEncoding = 4; lastKnownFileType = sourcecode.swift; path = DecodableResponseHandler.swift; sourceTree = "<group>"; };
		E04C5CE02C8EF11E00B00D6A /* DictionaryResponseHandler.swift */ = {isa = PBXFileReference; fileEncoding = 4; lastKnownFileType = sourcecode.swift; path = DictionaryResponseHandler.swift; sourceTree = "<group>"; };
		E04C5CE12C8EF11E00B00D6A /* EmptyResponseHandler.swift */ = {isa = PBXFileReference; fileEncoding = 4; lastKnownFileType = sourcecode.swift; path = EmptyResponseHandler.swift; sourceTree = "<group>"; };
		E04C5CE22C8EF11E00B00D6A /* RecomsResponseHandler.swift */ = {isa = PBXFileReference; fileEncoding = 4; lastKnownFileType = sourcecode.swift; path = RecomsResponseHandler.swift; sourceTree = "<group>"; };
		E04C5CE32C8EF11E00B00D6A /* ResponseHandler.swift */ = {isa = PBXFileReference; fileEncoding = 4; lastKnownFileType = sourcecode.swift; path = ResponseHandler.swift; sourceTree = "<group>"; };
		E04C5CE52C8EF11E00B00D6A /* Autolayout.swift */ = {isa = PBXFileReference; fileEncoding = 4; lastKnownFileType = sourcecode.swift; path = Autolayout.swift; sourceTree = "<group>"; };
		E04C5CE82C8EF11E00B00D6A /* Reteno.swift */ = {isa = PBXFileReference; fileEncoding = 4; lastKnownFileType = sourcecode.swift; path = Reteno.swift; sourceTree = "<group>"; };
		E04C5CE92C8EF11E00B00D6A /* RetenoConfiguration.swift */ = {isa = PBXFileReference; fileEncoding = 4; lastKnownFileType = sourcecode.swift; path = RetenoConfiguration.swift; sourceTree = "<group>"; };
		E04C5CEB2C8EF11E00B00D6A /* DeepLinksProcessor.swift */ = {isa = PBXFileReference; fileEncoding = 4; lastKnownFileType = sourcecode.swift; path = DeepLinksProcessor.swift; sourceTree = "<group>"; };
		E04C5CEC2C8EF11E00B00D6A /* StorableLink.swift */ = {isa = PBXFileReference; fileEncoding = 4; lastKnownFileType = sourcecode.swift; path = StorableLink.swift; sourceTree = "<group>"; };
		E04C5CEE2C8EF11E00B00D6A /* Order.swift */ = {isa = PBXFileReference; fileEncoding = 4; lastKnownFileType = sourcecode.swift; path = Order.swift; sourceTree = "<group>"; };
		E04C5CEF2C8EF11E00B00D6A /* Product.swift */ = {isa = PBXFileReference; fileEncoding = 4; lastKnownFileType = sourcecode.swift; path = Product.swift; sourceTree = "<group>"; };
		E04C5CF02C8EF11E00B00D6A /* ProductCategory.swift */ = {isa = PBXFileReference; fileEncoding = 4; lastKnownFileType = sourcecode.swift; path = ProductCategory.swift; sourceTree = "<group>"; };
		E04C5CF12C8EF11E00B00D6A /* ProductInCart.swift */ = {isa = PBXFileReference; fileEncoding = 4; lastKnownFileType = sourcecode.swift; path = ProductInCart.swift; sourceTree = "<group>"; };
		E04C5CF32C8EF11E00B00D6A /* EcommerceEvent.swift */ = {isa = PBXFileReference; fileEncoding = 4; lastKnownFileType = sourcecode.swift; path = EcommerceEvent.swift; sourceTree = "<group>"; };
		E04C5CF52C8EF11E00B00D6A /* Ecommerce.swift */ = {isa = PBXFileReference; fileEncoding = 4; lastKnownFileType = sourcecode.swift; path = Ecommerce.swift; sourceTree = "<group>"; };
		E04C5CF72C8EF11E00B00D6A /* InAppMessageWebViewController.swift */ = {isa = PBXFileReference; fileEncoding = 4; lastKnownFileType = sourcecode.swift; path = InAppMessageWebViewController.swift; sourceTree = "<group>"; };
		E04C5CF92C8EF11E00B00D6A /* InApp.swift */ = {isa = PBXFileReference; fileEncoding = 4; lastKnownFileType = sourcecode.swift; path = InApp.swift; sourceTree = "<group>"; };
		E04C5CFA2C8EF11E00B00D6A /* InAppAsyncCheck.swift */ = {isa = PBXFileReference; fileEncoding = 4; lastKnownFileType = sourcecode.swift; path = InAppAsyncCheck.swift; sourceTree = "<group>"; };
		E04C5CFB2C8EF11E00B00D6A /* InAppContents.swift */ = {isa = PBXFileReference; fileEncoding = 4; lastKnownFileType = sourcecode.swift; path = InAppContents.swift; sourceTree = "<group>"; };
		E04C5CFC2C8EF11E00B00D6A /* InAppMessage.swift */ = {isa = PBXFileReference; fileEncoding = 4; lastKnownFileType = sourcecode.swift; path = InAppMessage.swift; sourceTree = "<group>"; };
		E04C5CFD2C8EF11E00B00D6A /* InAppMessageLists.swift */ = {isa = PBXFileReference; fileEncoding = 4; lastKnownFileType = sourcecode.swift; path = InAppMessageLists.swift; sourceTree = "<group>"; };
		E04C5CFE2C8EF11E00B00D6A /* InAppScriptMessage.swift */ = {isa = PBXFileReference; fileEncoding = 4; lastKnownFileType = sourcecode.swift; path = InAppScriptMessage.swift; sourceTree = "<group>"; };
		E04C5CFF2C8EF11E00B00D6A /* NewInteraction.swift */ = {isa = PBXFileReference; fileEncoding = 4; lastKnownFileType = sourcecode.swift; path = NewInteraction.swift; sourceTree = "<group>"; };
		E04C5D012C8EF11E00B00D6A /* InAppRequestService.swift */ = {isa = PBXFileReference; fileEncoding = 4; lastKnownFileType = sourcecode.swift; path = InAppRequestService.swift; sourceTree = "<group>"; };
		E04C5D022C8EF11E00B00D6A /* InAppService.swift */ = {isa = PBXFileReference; fileEncoding = 4; lastKnownFileType = sourcecode.swift; path = InAppService.swift; sourceTree = "<group>"; };
		E04C5D042C8EF11E00B00D6A /* InAppMessagePresenter.swift */ = {isa = PBXFileReference; fileEncoding = 4; lastKnownFileType = sourcecode.swift; path = InAppMessagePresenter.swift; sourceTree = "<group>"; };
		E04C5D052C8EF11E00B00D6A /* InAppMessages.swift */ = {isa = PBXFileReference; fileEncoding = 4; lastKnownFileType = sourcecode.swift; path = InAppMessages.swift; sourceTree = "<group>"; };
		E04C5D062C8EF11E00B00D6A /* InAppMessageStatus.swift */ = {isa = PBXFileReference; fileEncoding = 4; lastKnownFileType = sourcecode.swift; path = InAppMessageStatus.swift; sourceTree = "<group>"; };
		E04C5D072C8EF11E00B00D6A /* PauseBehavior.swift */ = {isa = PBXFileReference; fileEncoding = 4; lastKnownFileType = sourcecode.swift; path = PauseBehavior.swift; sourceTree = "<group>"; };
		E04C5D092C8EF11E00B00D6A /* LinkHandler.swift */ = {isa = PBXFileReference; fileEncoding = 4; lastKnownFileType = sourcecode.swift; path = LinkHandler.swift; sourceTree = "<group>"; };
		E04C5D0B2C8EF11E00B00D6A /* APIClientError.swift */ = {isa = PBXFileReference; fileEncoding = 4; lastKnownFileType = sourcecode.swift; path = APIClientError.swift; sourceTree = "<group>"; };
		E04C5D0C2C8EF11E00B00D6A /* APIStatusError.swift */ = {isa = PBXFileReference; fileEncoding = 4; lastKnownFileType = sourcecode.swift; path = APIStatusError.swift; sourceTree = "<group>"; };
		E04C5D0D2C8EF11E00B00D6A /* ContainerError.swift */ = {isa = PBXFileReference; fileEncoding = 4; lastKnownFileType = sourcecode.swift; path = ContainerError.swift; sourceTree = "<group>"; };
		E04C5D0E2C8EF11E00B00D6A /* NetworkError.swift */ = {isa = PBXFileReference; fileEncoding = 4; lastKnownFileType = sourcecode.swift; path = NetworkError.swift; sourceTree = "<group>"; };
		E04C5D102C8EF11E00B00D6A /* APIRequest.swift */ = {isa = PBXFileReference; fileEncoding = 4; lastKnownFileType = sourcecode.swift; path = APIRequest.swift; sourceTree = "<group>"; };
		E04C5D112C8EF11E00B00D6A /* BaseURL.swift */ = {isa = PBXFileReference; fileEncoding = 4; lastKnownFileType = sourcecode.swift; path = BaseURL.swift; sourceTree = "<group>"; };
		E04C5D122C8EF11E00B00D6A /* Dictionary+getHeaderValue.swift */ = {isa = PBXFileReference; fileEncoding = 4; lastKnownFileType = sourcecode.swift; path = "Dictionary+getHeaderValue.swift"; sourceTree = "<group>"; };
		E04C5D132C8EF11E00B00D6A /* HTTPMethod.swift */ = {isa = PBXFileReference; fileEncoding = 4; lastKnownFileType = sourcecode.swift; path = HTTPMethod.swift; sourceTree = "<group>"; };
		E04C5D142C8EF11E00B00D6A /* ParameterEncoding.swift */ = {isa = PBXFileReference; fileEncoding = 4; lastKnownFileType = sourcecode.swift; path = ParameterEncoding.swift; sourceTree = "<group>"; };
		E04C5D152C8EF11E00B00D6A /* RequestDecorator.swift */ = {isa = PBXFileReference; fileEncoding = 4; lastKnownFileType = sourcecode.swift; path = RequestDecorator.swift; sourceTree = "<group>"; };
		E04C5D162C8EF11E00B00D6A /* RequestManager.swift */ = {isa = PBXFileReference; fileEncoding = 4; lastKnownFileType = sourcecode.swift; path = RequestManager.swift; sourceTree = "<group>"; };
		E04C5D172C8EF11E00B00D6A /* ResponseData.swift */ = {isa = PBXFileReference; fileEncoding = 4; lastKnownFileType = sourcecode.swift; path = ResponseData.swift; sourceTree = "<group>"; };
		E04C5D192C8EF11E00B00D6A /* RecommendableProduct.swift */ = {isa = PBXFileReference; fileEncoding = 4; lastKnownFileType = sourcecode.swift; path = RecommendableProduct.swift; sourceTree = "<group>"; };
		E04C5D1B2C8EF11E00B00D6A /* RecomEvent.swift */ = {isa = PBXFileReference; fileEncoding = 4; lastKnownFileType = sourcecode.swift; path = RecomEvent.swift; sourceTree = "<group>"; };
		E04C5D1C2C8EF11E00B00D6A /* RecomEvents.swift */ = {isa = PBXFileReference; fileEncoding = 4; lastKnownFileType = sourcecode.swift; path = RecomEvents.swift; sourceTree = "<group>"; };
		E04C5D1D2C8EF11E00B00D6A /* RecomFilter.swift */ = {isa = PBXFileReference; fileEncoding = 4; lastKnownFileType = sourcecode.swift; path = RecomFilter.swift; sourceTree = "<group>"; };
		E04C5D1E2C8EF11E00B00D6A /* Recommendations.swift */ = {isa = PBXFileReference; fileEncoding = 4; lastKnownFileType = sourcecode.swift; path = Recommendations.swift; sourceTree = "<group>"; };
		E04C5D202C8EF11E00B00D6A /* AppInboxMessagesRequest.swift */ = {isa = PBXFileReference; fileEncoding = 4; lastKnownFileType = sourcecode.swift; path = AppInboxMessagesRequest.swift; sourceTree = "<group>"; };
		E04C5D212C8EF11E00B00D6A /* AppInboxMessagesResponse.swift */ = {isa = PBXFileReference; fileEncoding = 4; lastKnownFileType = sourcecode.swift; path = AppInboxMessagesResponse.swift; sourceTree = "<group>"; };
		E04C5D232C8EF11E00B00D6A /* AppInboxMessagesCountRequest.swift */ = {isa = PBXFileReference; fileEncoding = 4; lastKnownFileType = sourcecode.swift; path = AppInboxMessagesCountRequest.swift; sourceTree = "<group>"; };
		E04C5D242C8EF11E00B00D6A /* AppInboxMessagesCountResponse.swift */ = {isa = PBXFileReference; fileEncoding = 4; lastKnownFileType = sourcecode.swift; path = AppInboxMessagesCountResponse.swift; sourceTree = "<group>"; };
		E04C5D262C8EF11E00B00D6A /* AppInboxMarkAsOpenedRequest.swift */ = {isa = PBXFileReference; fileEncoding = 4; lastKnownFileType = sourcecode.swift; path = AppInboxMarkAsOpenedRequest.swift; sourceTree = "<group>"; };
		E04C5D282C8EF11E00B00D6A /* Device.swift */ = {isa = PBXFileReference; fileEncoding = 4; lastKnownFileType = sourcecode.swift; path = Device.swift; sourceTree = "<group>"; };
		E04C5D292C8EF11E00B00D6A /* DeviceCategory.swift */ = {isa = PBXFileReference; fileEncoding = 4; lastKnownFileType = sourcecode.swift; path = DeviceCategory.swift; sourceTree = "<group>"; };
		E04C5D2A2C8EF11E00B00D6A /* DeviceRequest.swift */ = {isa = PBXFileReference; fileEncoding = 4; lastKnownFileType = sourcecode.swift; path = DeviceRequest.swift; sourceTree = "<group>"; };
		E04C5D2C2C8EF11E00B00D6A /* EmptyResponse.swift */ = {isa = PBXFileReference; fileEncoding = 4; lastKnownFileType = sourcecode.swift; path = EmptyResponse.swift; sourceTree = "<group>"; };
		E04C5D2E2C8EF11E00B00D6A /* ErrorEvent.swift */ = {isa = PBXFileReference; fileEncoding = 4; lastKnownFileType = sourcecode.swift; path = ErrorEvent.swift; sourceTree = "<group>"; };
		E04C5D2F2C8EF11E00B00D6A /* ErrorEventRequest.swift */ = {isa = PBXFileReference; fileEncoding = 4; lastKnownFileType = sourcecode.swift; path = ErrorEventRequest.swift; sourceTree = "<group>"; };
		E04C5D312C8EF11E00B00D6A /* Event.swift */ = {isa = PBXFileReference; fileEncoding = 4; lastKnownFileType = sourcecode.swift; path = Event.swift; sourceTree = "<group>"; };
		E04C5D322C8EF11E00B00D6A /* EventRequest.swift */ = {isa = PBXFileReference; fileEncoding = 4; lastKnownFileType = sourcecode.swift; path = EventRequest.swift; sourceTree = "<group>"; };
		E04C5D342C8EF11E00B00D6A /* InAppBaseHTMLRequest.swift */ = {isa = PBXFileReference; fileEncoding = 4; lastKnownFileType = sourcecode.swift; path = InAppBaseHTMLRequest.swift; sourceTree = "<group>"; };
		E04C5D352C8EF11E00B00D6A /* InAppCheckAsyncRulesRequest.swift */ = {isa = PBXFileReference; fileEncoding = 4; lastKnownFileType = sourcecode.swift; path = InAppCheckAsyncRulesRequest.swift; sourceTree = "<group>"; };
		E04C5D362C8EF11E00B00D6A /* InAppMessageContentRequest.swift */ = {isa = PBXFileReference; fileEncoding = 4; lastKnownFileType = sourcecode.swift; path = InAppMessageContentRequest.swift; sourceTree = "<group>"; };
		E04C5D372C8EF11E00B00D6A /* InAppMessageRequest.swift */ = {isa = PBXFileReference; fileEncoding = 4; lastKnownFileType = sourcecode.swift; path = InAppMessageRequest.swift; sourceTree = "<group>"; };
		E04C5D382C8EF11E00B00D6A /* InAppMessagesRequest.swift */ = {isa = PBXFileReference; fileEncoding = 4; lastKnownFileType = sourcecode.swift; path = InAppMessagesRequest.swift; sourceTree = "<group>"; };
		E04C5D392C8EF11E00B00D6A /* InAppScriptEventRequest.swift */ = {isa = PBXFileReference; fileEncoding = 4; lastKnownFileType = sourcecode.swift; path = InAppScriptEventRequest.swift; sourceTree = "<group>"; };
		E04C5D3A2C8EF11E00B00D6A /* NewInAppInteractionRequest.swift */ = {isa = PBXFileReference; fileEncoding = 4; lastKnownFileType = sourcecode.swift; path = NewInAppInteractionRequest.swift; sourceTree = "<group>"; };
		E04C5D3C2C8EF11E00B00D6A /* RecomEventsRequest.swift */ = {isa = PBXFileReference; fileEncoding = 4; lastKnownFileType = sourcecode.swift; path = RecomEventsRequest.swift; sourceTree = "<group>"; };
		E04C5D3D2C8EF11E00B00D6A /* RecomsRequest.swift */ = {isa = PBXFileReference; fileEncoding = 4; lastKnownFileType = sourcecode.swift; path = RecomsRequest.swift; sourceTree = "<group>"; };
		E04C5D3F2C8EF11E00B00D6A /* RegisterLinkClickRequest.swift */ = {isa = PBXFileReference; fileEncoding = 4; lastKnownFileType = sourcecode.swift; path = RegisterLinkClickRequest.swift; sourceTree = "<group>"; };
		E04C5D412C8EF11E00B00D6A /* InteractionStatus.swift */ = {isa = PBXFileReference; fileEncoding = 4; lastKnownFileType = sourcecode.swift; path = InteractionStatus.swift; sourceTree = "<group>"; };
		E04C5D422C8EF11E00B00D6A /* NotificationStatus.swift */ = {isa = PBXFileReference; fileEncoding = 4; lastKnownFileType = sourcecode.swift; path = NotificationStatus.swift; sourceTree = "<group>"; };
		E04C5D432C8EF11E00B00D6A /* UpdateInteractionStatusRequest.swift */ = {isa = PBXFileReference; fileEncoding = 4; lastKnownFileType = sourcecode.swift; path = UpdateInteractionStatusRequest.swift; sourceTree = "<group>"; };
		E04C5D452C8EF11E00B00D6A /* Address.swift */ = {isa = PBXFileReference; fileEncoding = 4; lastKnownFileType = sourcecode.swift; path = Address.swift; sourceTree = "<group>"; };
		E04C5D462C8EF11E00B00D6A /* AnonymousUserAttributes.swift */ = {isa = PBXFileReference; fileEncoding = 4; lastKnownFileType = sourcecode.swift; path = AnonymousUserAttributes.swift; sourceTree = "<group>"; };
		E04C5D472C8EF11E00B00D6A /* UpdateUserAttributesRequest.swift */ = {isa = PBXFileReference; fileEncoding = 4; lastKnownFileType = sourcecode.swift; path = UpdateUserAttributesRequest.swift; sourceTree = "<group>"; };
		E04C5D482C8EF11E00B00D6A /* User.swift */ = {isa = PBXFileReference; fileEncoding = 4; lastKnownFileType = sourcecode.swift; path = User.swift; sourceTree = "<group>"; };
		E04C5D492C8EF11E00B00D6A /* UserAttributes.swift */ = {isa = PBXFileReference; fileEncoding = 4; lastKnownFileType = sourcecode.swift; path = UserAttributes.swift; sourceTree = "<group>"; };
		E04C5D4A2C8EF11E00B00D6A /* UserCustomField.swift */ = {isa = PBXFileReference; fileEncoding = 4; lastKnownFileType = sourcecode.swift; path = UserCustomField.swift; sourceTree = "<group>"; };
		E04C5D4D2C8EF11E00B00D6A /* DateOperation.swift */ = {isa = PBXFileReference; fileEncoding = 4; lastKnownFileType = sourcecode.swift; path = DateOperation.swift; sourceTree = "<group>"; };
		E04C5D4E2C8EF11E00B00D6A /* MessagesCountOperation.swift */ = {isa = PBXFileReference; fileEncoding = 4; lastKnownFileType = sourcecode.swift; path = MessagesCountOperation.swift; sourceTree = "<group>"; };
		E04C5D4F2C8EF11E00B00D6A /* NetworkOperation.swift */ = {isa = PBXFileReference; fileEncoding = 4; lastKnownFileType = sourcecode.swift; path = NetworkOperation.swift; sourceTree = "<group>"; };
		E04C5D502C8EF11E00B00D6A /* RegisterLinkClickOperation.swift */ = {isa = PBXFileReference; fileEncoding = 4; lastKnownFileType = sourcecode.swift; path = RegisterLinkClickOperation.swift; sourceTree = "<group>"; };
		E04C5D512C8EF11E00B00D6A /* SendAppInboxMessagesIdsOperation.swift */ = {isa = PBXFileReference; fileEncoding = 4; lastKnownFileType = sourcecode.swift; path = SendAppInboxMessagesIdsOperation.swift; sourceTree = "<group>"; };
		E04C5D522C8EF11E00B00D6A /* SendDeviceOperation.swift */ = {isa = PBXFileReference; fileEncoding = 4; lastKnownFileType = sourcecode.swift; path = SendDeviceOperation.swift; sourceTree = "<group>"; };
		E04C5D532C8EF11E00B00D6A /* SendErrorEventsOperation.swift */ = {isa = PBXFileReference; fileEncoding = 4; lastKnownFileType = sourcecode.swift; path = SendErrorEventsOperation.swift; sourceTree = "<group>"; };
		E04C5D542C8EF11E00B00D6A /* SendEventsOperation.swift */ = {isa = PBXFileReference; fileEncoding = 4; lastKnownFileType = sourcecode.swift; path = SendEventsOperation.swift; sourceTree = "<group>"; };
		E04C5D552C8EF11E00B00D6A /* SendNotificationsStatusOperation.swift */ = {isa = PBXFileReference; fileEncoding = 4; lastKnownFileType = sourcecode.swift; path = SendNotificationsStatusOperation.swift; sourceTree = "<group>"; };
		E04C5D562C8EF11E00B00D6A /* SendRecomEventsOperation.swift */ = {isa = PBXFileReference; fileEncoding = 4; lastKnownFileType = sourcecode.swift; path = SendRecomEventsOperation.swift; sourceTree = "<group>"; };
		E04C5D572C8EF11E00B00D6A /* SendUserOperation.swift */ = {isa = PBXFileReference; fileEncoding = 4; lastKnownFileType = sourcecode.swift; path = SendUserOperation.swift; sourceTree = "<group>"; };
		E04C5D592C8EF11E00B00D6A /* EventsSenderScheduler.swift */ = {isa = PBXFileReference; fileEncoding = 4; lastKnownFileType = sourcecode.swift; path = EventsSenderScheduler.swift; sourceTree = "<group>"; };
		E04C5D5B2C8EF11E00B00D6A /* MobileRequestService.swift */ = {isa = PBXFileReference; fileEncoding = 4; lastKnownFileType = sourcecode.swift; path = MobileRequestService.swift; sourceTree = "<group>"; };
		E04C5D5C2C8EF11E00B00D6A /* SendingServices.swift */ = {isa = PBXFileReference; fileEncoding = 4; lastKnownFileType = sourcecode.swift; path = SendingServices.swift; sourceTree = "<group>"; };
		E04C5D5D2C8EF11E00B00D6A /* SessionService.swift */ = {isa = PBXFileReference; fileEncoding = 4; lastKnownFileType = sourcecode.swift; path = SessionService.swift; sourceTree = "<group>"; };
		E04C5D5F2C8EF11E00B00D6A /* KeyValueStorage.swift */ = {isa = PBXFileReference; fileEncoding = 4; lastKnownFileType = sourcecode.swift; path = KeyValueStorage.swift; sourceTree = "<group>"; };
		E04C5D612C8EF11E00B00D6A /* ImageCell.swift */ = {isa = PBXFileReference; fileEncoding = 4; lastKnownFileType = sourcecode.swift; path = ImageCell.swift; sourceTree = "<group>"; };
		E04C5D622C8EF11E00B00D6A /* RetenoCarouselNotificationViewController.swift */ = {isa = PBXFileReference; fileEncoding = 4; lastKnownFileType = sourcecode.swift; path = RetenoCarouselNotificationViewController.swift; sourceTree = "<group>"; };
		E04C5D642C8EF11E00B00D6A /* RetenoNotificationServiceExtension.swift */ = {isa = PBXFileReference; fileEncoding = 4; lastKnownFileType = sourcecode.swift; path = RetenoNotificationServiceExtension.swift; sourceTree = "<group>"; };
		E04C5D652C8EF11E00B00D6A /* RetenoUserNotification.swift */ = {isa = PBXFileReference; fileEncoding = 4; lastKnownFileType = sourcecode.swift; path = RetenoUserNotification.swift; sourceTree = "<group>"; };
		E04C5D662C8EF11E00B00D6A /* RetenoUserNotificationAction.swift */ = {isa = PBXFileReference; fileEncoding = 4; lastKnownFileType = sourcecode.swift; path = RetenoUserNotificationAction.swift; sourceTree = "<group>"; };
		E04C5D672C8EF11E00B00D6A /* UserNotificationService.swift */ = {isa = PBXFileReference; fileEncoding = 4; lastKnownFileType = sourcecode.swift; path = UserNotificationService.swift; sourceTree = "<group>"; };
/* End PBXFileReference section */

/* Begin PBXFrameworksBuildPhase section */
		18D02BC528CA2F02008018F1 /* Frameworks */ = {
			isa = PBXFrameworksBuildPhase;
			buildActionMask = 2147483647;
			files = (
			);
			runOnlyForDeploymentPostprocessing = 0;
		};
/* End PBXFrameworksBuildPhase section */

/* Begin PBXGroup section */
		18D02BBE28CA2F02008018F1 = {
			isa = PBXGroup;
			children = (
				18D02BCA28CA2F02008018F1 /* Reteno */,
				18D02BC928CA2F02008018F1 /* Products */,
			);
			sourceTree = "<group>";
		};
		18D02BC928CA2F02008018F1 /* Products */ = {
			isa = PBXGroup;
			children = (
				18D02BC828CA2F02008018F1 /* Reteno.framework */,
			);
			name = Products;
			sourceTree = "<group>";
		};
		18D02BCA28CA2F02008018F1 /* Reteno */ = {
			isa = PBXGroup;
			children = (
				E04C5D692C8EF11E00B00D6A /* Sources */,
				18D02BCB28CA2F02008018F1 /* Reteno.h */,
				18D02BCC28CA2F02008018F1 /* Reteno.docc */,
			);
			path = Reteno;
			sourceTree = "<group>";
		};
		E04C5CB32C8EF11E00B00D6A /* Analytics */ = {
			isa = PBXGroup;
			children = (
				E04C5CAE2C8EF11E00B00D6A /* Analytics+SwiftUI.swift */,
				E04C5CAF2C8EF11E00B00D6A /* Analytics+UIViewController.swift */,
				E04C5CB02C8EF11E00B00D6A /* Analytics+UNUserNotificationCenter.swift */,
				E04C5CB12C8EF11E00B00D6A /* AnalyticsService.swift */,
				E04C5CB22C8EF11E00B00D6A /* AppLifecycleAnalyticsSevice.swift */,
			);
			path = Analytics;
			sourceTree = "<group>";
		};
		E04C5CB72C8EF11E00B00D6A /* AppInbox */ = {
			isa = PBXGroup;
			children = (
				E04C5CB42C8EF11E00B00D6A /* AppInbox.swift */,
				E04C5CB52C8EF11E00B00D6A /* AppInboxMessage.swift */,
				E04C5CB62C8EF11E00B00D6A /* AppInboxMessageStorableId.swift */,
			);
			path = AppInbox;
			sourceTree = "<group>";
		};
		E04C5CBF2C8EF11E00B00D6A /* Builder */ = {
			isa = PBXGroup;
			children = (
				E04C5CB82C8EF11E00B00D6A /* AnalyticsServiceBuilder.swift */,
				E04C5CB92C8EF11E00B00D6A /* EventsSenderSchedulerBuilder.swift */,
				E04C5CBA2C8EF11E00B00D6A /* MobileRequestServiceBuilder.swift */,
				E04C5CBB2C8EF11E00B00D6A /* NetworkBuilder.swift */,
				E04C5CBC2C8EF11E00B00D6A /* SendingServiceBuilder.swift */,
				E04C5CBD2C8EF11E00B00D6A /* StorageBuilder.swift */,
				E04C5CBE2C8EF11E00B00D6A /* UnauthorizedAuthNetworkBuilder.swift */,
			);
			path = Builder;
			sourceTree = "<group>";
		};
		E04C5CC12C8EF11E00B00D6A /* DateFormatters */ = {
			isa = PBXGroup;
			children = (
				E04C5CC02C8EF11E00B00D6A /* BaseBEDateFormatter.swift */,
			);
			path = DateFormatters;
			sourceTree = "<group>";
		};
		E04C5CC82C8EF11E00B00D6A /* Extensions */ = {
			isa = PBXGroup;
			children = (
				E04C5CC22C8EF11E00B00D6A /* Array+Extensions.swift */,
				E04C5CC32C8EF11E00B00D6A /* Codable+Dictionary.swift */,
				E04C5CC42C8EF11E00B00D6A /* Date+Utils.swift */,
				E04C5CC52C8EF11E00B00D6A /* Operation+Extensions.swift */,
				E04C5CC62C8EF11E00B00D6A /* Optional+Extensions.swift */,
				E04C5CC72C8EF11E00B00D6A /* UIApplication+Extensions.swift */,
			);
			path = Extensions;
			sourceTree = "<group>";
		};
		E04C5CCE2C8EF11E00B00D6A /* DeviceHelpers */ = {
			isa = PBXGroup;
			children = (
				E04C5CC92C8EF11E00B00D6A /* AdvertisingIdHelper.swift */,
				E04C5CCA2C8EF11E00B00D6A /* AppVersionHelper.swift */,
				E04C5CCB2C8EF11E00B00D6A /* DeviceCategoryHelper.swift */,
				E04C5CCC2C8EF11E00B00D6A /* DeviceIdHelper.swift */,
				E04C5CCD2C8EF11E00B00D6A /* DevicePlatformHelper.swift */,
			);
			path = DeviceHelpers;
			sourceTree = "<group>";
		};
		E04C5CD62C8EF11E00B00D6A /* Helpers */ = {
			isa = PBXGroup;
			children = (
				E04C5CCE2C8EF11E00B00D6A /* DeviceHelpers */,
				E04C5CCF2C8EF11E00B00D6A /* ApiKeyHelper.swift */,
				E04C5CD02C8EF11E00B00D6A /* BundleIdHelper.swift */,
				E04C5CD12C8EF11E00B00D6A /* DebugModeHelper.swift */,
				E04C5CD22C8EF11E00B00D6A /* ExternalUserDataHelper.swift */,
				E04C5CD32C8EF11E00B00D6A /* ExternalUserIdHelper.swift */,
				E04C5CD42C8EF11E00B00D6A /* JSONConverterHelper.swift */,
				E04C5CD52C8EF11E00B00D6A /* RetenoNotificationsHelper.swift */,
			);
			path = Helpers;
			sourceTree = "<group>";
		};
		E04C5CD92C8EF11E00B00D6A /* Logger */ = {
			isa = PBXGroup;
			children = (
				E04C5CD72C8EF11E00B00D6A /* ErrorLogger.swift */,
				E04C5CD82C8EF11E00B00D6A /* Logger.swift */,
			);
			path = Logger;
			sourceTree = "<group>";
		};
		E04C5CDE2C8EF11E00B00D6A /* Protocols */ = {
			isa = PBXGroup;
			children = (
				E04C5CDA2C8EF11E00B00D6A /* EventsSender.swift */,
				E04C5CDB2C8EF11E00B00D6A /* ExpirableData.swift */,
				E04C5CDC2C8EF11E00B00D6A /* Groupable.swift */,
				E04C5CDD2C8EF11E00B00D6A /* JSONInitable.swift */,
			);
			path = Protocols;
			sourceTree = "<group>";
		};
		E04C5CE42C8EF11E00B00D6A /* Response */ = {
			isa = PBXGroup;
			children = (
				E04C5CDF2C8EF11E00B00D6A /* DecodableResponseHandler.swift */,
				E04C5CE02C8EF11E00B00D6A /* DictionaryResponseHandler.swift */,
				E04C5CE12C8EF11E00B00D6A /* EmptyResponseHandler.swift */,
				E04C5CE22C8EF11E00B00D6A /* RecomsResponseHandler.swift */,
				E04C5CE32C8EF11E00B00D6A /* ResponseHandler.swift */,
			);
			path = Response;
			sourceTree = "<group>";
		};
		E04C5CE62C8EF11E00B00D6A /* UI */ = {
			isa = PBXGroup;
			children = (
				E04C5CE52C8EF11E00B00D6A /* Autolayout.swift */,
			);
			path = UI;
			sourceTree = "<group>";
		};
		E04C5CE72C8EF11E00B00D6A /* Common */ = {
			isa = PBXGroup;
			children = (
				E04C5CC12C8EF11E00B00D6A /* DateFormatters */,
				E04C5CC82C8EF11E00B00D6A /* Extensions */,
				E04C5CD62C8EF11E00B00D6A /* Helpers */,
				E04C5CD92C8EF11E00B00D6A /* Logger */,
				E04C5CDE2C8EF11E00B00D6A /* Protocols */,
				E04C5CE42C8EF11E00B00D6A /* Response */,
				E04C5CE62C8EF11E00B00D6A /* UI */,
			);
			path = Common;
			sourceTree = "<group>";
		};
		E04C5CEA2C8EF11E00B00D6A /* Core */ = {
			isa = PBXGroup;
			children = (
				E04C5CE82C8EF11E00B00D6A /* Reteno.swift */,
				E04C5CE92C8EF11E00B00D6A /* RetenoConfiguration.swift */,
			);
			path = Core;
			sourceTree = "<group>";
		};
		E04C5CED2C8EF11E00B00D6A /* DeepLinks */ = {
			isa = PBXGroup;
			children = (
				E04C5CEB2C8EF11E00B00D6A /* DeepLinksProcessor.swift */,
				E04C5CEC2C8EF11E00B00D6A /* StorableLink.swift */,
			);
			path = DeepLinks;
			sourceTree = "<group>";
		};
		E04C5CF22C8EF11E00B00D6A /* Models */ = {
			isa = PBXGroup;
			children = (
				E04C5CEE2C8EF11E00B00D6A /* Order.swift */,
				E04C5CEF2C8EF11E00B00D6A /* Product.swift */,
				E04C5CF02C8EF11E00B00D6A /* ProductCategory.swift */,
				E04C5CF12C8EF11E00B00D6A /* ProductInCart.swift */,
			);
			path = Models;
			sourceTree = "<group>";
		};
		E04C5CF42C8EF11E00B00D6A /* Protocols */ = {
			isa = PBXGroup;
			children = (
				E04C5CF32C8EF11E00B00D6A /* EcommerceEvent.swift */,
			);
			path = Protocols;
			sourceTree = "<group>";
		};
		E04C5CF62C8EF11E00B00D6A /* Ecommerce */ = {
			isa = PBXGroup;
			children = (
				E04C5CF22C8EF11E00B00D6A /* Models */,
				E04C5CF42C8EF11E00B00D6A /* Protocols */,
				E04C5CF52C8EF11E00B00D6A /* Ecommerce.swift */,
			);
			path = Ecommerce;
			sourceTree = "<group>";
		};
		E04C5CF82C8EF11E00B00D6A /* Controllers */ = {
			isa = PBXGroup;
			children = (
				E04C5CF72C8EF11E00B00D6A /* InAppMessageWebViewController.swift */,
			);
			path = Controllers;
			sourceTree = "<group>";
		};
		E04C5D002C8EF11E00B00D6A /* Models */ = {
			isa = PBXGroup;
			children = (
				E04C5CF92C8EF11E00B00D6A /* InApp.swift */,
				E04C5CFA2C8EF11E00B00D6A /* InAppAsyncCheck.swift */,
				E04C5CFB2C8EF11E00B00D6A /* InAppContents.swift */,
				E04C5CFC2C8EF11E00B00D6A /* InAppMessage.swift */,
				E04C5CFD2C8EF11E00B00D6A /* InAppMessageLists.swift */,
				E04C5CFE2C8EF11E00B00D6A /* InAppScriptMessage.swift */,
				E04C5CFF2C8EF11E00B00D6A /* NewInteraction.swift */,
			);
			path = Models;
			sourceTree = "<group>";
		};
		E04C5D032C8EF11E00B00D6A /* Services */ = {
			isa = PBXGroup;
			children = (
				E04C5D012C8EF11E00B00D6A /* InAppRequestService.swift */,
				E04C5D022C8EF11E00B00D6A /* InAppService.swift */,
			);
			path = Services;
			sourceTree = "<group>";
		};
		E04C5D082C8EF11E00B00D6A /* InAppMessages */ = {
			isa = PBXGroup;
			children = (
				E04C5CF82C8EF11E00B00D6A /* Controllers */,
				E04C5D002C8EF11E00B00D6A /* Models */,
				E04C5D032C8EF11E00B00D6A /* Services */,
				E04C5D042C8EF11E00B00D6A /* InAppMessagePresenter.swift */,
				E04C5D052C8EF11E00B00D6A /* InAppMessages.swift */,
				E04C5D062C8EF11E00B00D6A /* InAppMessageStatus.swift */,
				E04C5D072C8EF11E00B00D6A /* PauseBehavior.swift */,
			);
			path = InAppMessages;
			sourceTree = "<group>";
		};
		E04C5D0A2C8EF11E00B00D6A /* LinkHandler */ = {
			isa = PBXGroup;
			children = (
				E04C5D092C8EF11E00B00D6A /* LinkHandler.swift */,
			);
			path = LinkHandler;
			sourceTree = "<group>";
		};
		E04C5D0F2C8EF11E00B00D6A /* Errors */ = {
			isa = PBXGroup;
			children = (
				E04C5D0B2C8EF11E00B00D6A /* APIClientError.swift */,
				E04C5D0C2C8EF11E00B00D6A /* APIStatusError.swift */,
				E04C5D0D2C8EF11E00B00D6A /* ContainerError.swift */,
				E04C5D0E2C8EF11E00B00D6A /* NetworkError.swift */,
			);
			path = Errors;
			sourceTree = "<group>";
		};
		E04C5D182C8EF11E00B00D6A /* Network */ = {
			isa = PBXGroup;
			children = (
				E04C5D0F2C8EF11E00B00D6A /* Errors */,
				E04C5D102C8EF11E00B00D6A /* APIRequest.swift */,
				E04C5D112C8EF11E00B00D6A /* BaseURL.swift */,
				E04C5D122C8EF11E00B00D6A /* Dictionary+getHeaderValue.swift */,
				E04C5D132C8EF11E00B00D6A /* HTTPMethod.swift */,
				E04C5D142C8EF11E00B00D6A /* ParameterEncoding.swift */,
				E04C5D152C8EF11E00B00D6A /* RequestDecorator.swift */,
				E04C5D162C8EF11E00B00D6A /* RequestManager.swift */,
				E04C5D172C8EF11E00B00D6A /* ResponseData.swift */,
			);
			path = Network;
			sourceTree = "<group>";
		};
		E04C5D1A2C8EF11E00B00D6A /* Protocols */ = {
			isa = PBXGroup;
			children = (
				E04C5D192C8EF11E00B00D6A /* RecommendableProduct.swift */,
			);
			path = Protocols;
			sourceTree = "<group>";
		};
		E04C5D1F2C8EF11E00B00D6A /* Recommendations */ = {
			isa = PBXGroup;
			children = (
				E04C5D1A2C8EF11E00B00D6A /* Protocols */,
				E04C5D1B2C8EF11E00B00D6A /* RecomEvent.swift */,
				E04C5D1C2C8EF11E00B00D6A /* RecomEvents.swift */,
				E04C5D1D2C8EF11E00B00D6A /* RecomFilter.swift */,
				E04C5D1E2C8EF11E00B00D6A /* Recommendations.swift */,
			);
			path = Recommendations;
			sourceTree = "<group>";
		};
		E04C5D222C8EF11E00B00D6A /* Messages */ = {
			isa = PBXGroup;
			children = (
				E04C5D202C8EF11E00B00D6A /* AppInboxMessagesRequest.swift */,
				E04C5D212C8EF11E00B00D6A /* AppInboxMessagesResponse.swift */,
			);
			path = Messages;
			sourceTree = "<group>";
		};
		E04C5D252C8EF11E00B00D6A /* MessagesCount */ = {
			isa = PBXGroup;
			children = (
				E04C5D232C8EF11E00B00D6A /* AppInboxMessagesCountRequest.swift */,
				E04C5D242C8EF11E00B00D6A /* AppInboxMessagesCountResponse.swift */,
			);
			path = MessagesCount;
			sourceTree = "<group>";
		};
		E04C5D272C8EF11E00B00D6A /* AppInbox */ = {
			isa = PBXGroup;
			children = (
				E04C5D222C8EF11E00B00D6A /* Messages */,
				E04C5D252C8EF11E00B00D6A /* MessagesCount */,
				E04C5D262C8EF11E00B00D6A /* AppInboxMarkAsOpenedRequest.swift */,
			);
			path = AppInbox;
			sourceTree = "<group>";
		};
		E04C5D2B2C8EF11E00B00D6A /* Device */ = {
			isa = PBXGroup;
			children = (
				E04C5D282C8EF11E00B00D6A /* Device.swift */,
				E04C5D292C8EF11E00B00D6A /* DeviceCategory.swift */,
				E04C5D2A2C8EF11E00B00D6A /* DeviceRequest.swift */,
			);
			path = Device;
			sourceTree = "<group>";
		};
		E04C5D2D2C8EF11E00B00D6A /* EmptyResponse */ = {
			isa = PBXGroup;
			children = (
				E04C5D2C2C8EF11E00B00D6A /* EmptyResponse.swift */,
			);
			path = EmptyResponse;
			sourceTree = "<group>";
		};
		E04C5D302C8EF11E00B00D6A /* ErrorEventRequest */ = {
			isa = PBXGroup;
			children = (
				E04C5D2E2C8EF11E00B00D6A /* ErrorEvent.swift */,
				E04C5D2F2C8EF11E00B00D6A /* ErrorEventRequest.swift */,
			);
			path = ErrorEventRequest;
			sourceTree = "<group>";
		};
		E04C5D332C8EF11E00B00D6A /* EventRequest */ = {
			isa = PBXGroup;
			children = (
				E04C5D312C8EF11E00B00D6A /* Event.swift */,
				E04C5D322C8EF11E00B00D6A /* EventRequest.swift */,
			);
			path = EventRequest;
			sourceTree = "<group>";
		};
		E04C5D3B2C8EF11E00B00D6A /* InAppMessages */ = {
			isa = PBXGroup;
			children = (
				E04C5D342C8EF11E00B00D6A /* InAppBaseHTMLRequest.swift */,
				E04C5D352C8EF11E00B00D6A /* InAppCheckAsyncRulesRequest.swift */,
				E04C5D362C8EF11E00B00D6A /* InAppMessageContentRequest.swift */,
				E04C5D372C8EF11E00B00D6A /* InAppMessageRequest.swift */,
				E04C5D382C8EF11E00B00D6A /* InAppMessagesRequest.swift */,
				E04C5D392C8EF11E00B00D6A /* InAppScriptEventRequest.swift */,
				E04C5D3A2C8EF11E00B00D6A /* NewInAppInteractionRequest.swift */,
			);
			path = InAppMessages;
			sourceTree = "<group>";
		};
		E04C5D3E2C8EF11E00B00D6A /* Recommendations */ = {
			isa = PBXGroup;
			children = (
				E04C5D3C2C8EF11E00B00D6A /* RecomEventsRequest.swift */,
				E04C5D3D2C8EF11E00B00D6A /* RecomsRequest.swift */,
			);
			path = Recommendations;
			sourceTree = "<group>";
		};
		E04C5D402C8EF11E00B00D6A /* RegisterLinkClickRequest */ = {
			isa = PBXGroup;
			children = (
				E04C5D3F2C8EF11E00B00D6A /* RegisterLinkClickRequest.swift */,
			);
			path = RegisterLinkClickRequest;
			sourceTree = "<group>";
		};
		E04C5D442C8EF11E00B00D6A /* UpdateInteractionStatus */ = {
			isa = PBXGroup;
			children = (
				E04C5D412C8EF11E00B00D6A /* InteractionStatus.swift */,
				E04C5D422C8EF11E00B00D6A /* NotificationStatus.swift */,
				E04C5D432C8EF11E00B00D6A /* UpdateInteractionStatusRequest.swift */,
			);
			path = UpdateInteractionStatus;
			sourceTree = "<group>";
		};
		E04C5D4B2C8EF11E00B00D6A /* UpdateUserAttributes */ = {
			isa = PBXGroup;
			children = (
				E04C5D452C8EF11E00B00D6A /* Address.swift */,
				E04C5D462C8EF11E00B00D6A /* AnonymousUserAttributes.swift */,
				E04C5D472C8EF11E00B00D6A /* UpdateUserAttributesRequest.swift */,
				E04C5D482C8EF11E00B00D6A /* User.swift */,
				E04C5D492C8EF11E00B00D6A /* UserAttributes.swift */,
				E04C5D4A2C8EF11E00B00D6A /* UserCustomField.swift */,
			);
			path = UpdateUserAttributes;
			sourceTree = "<group>";
		};
		E04C5D4C2C8EF11E00B00D6A /* Requests */ = {
			isa = PBXGroup;
			children = (
				E04C5D272C8EF11E00B00D6A /* AppInbox */,
				E04C5D2B2C8EF11E00B00D6A /* Device */,
				E04C5D2D2C8EF11E00B00D6A /* EmptyResponse */,
				E04C5D302C8EF11E00B00D6A /* ErrorEventRequest */,
				E04C5D332C8EF11E00B00D6A /* EventRequest */,
				E04C5D3B2C8EF11E00B00D6A /* InAppMessages */,
				E04C5D3E2C8EF11E00B00D6A /* Recommendations */,
				E04C5D402C8EF11E00B00D6A /* RegisterLinkClickRequest */,
				E04C5D442C8EF11E00B00D6A /* UpdateInteractionStatus */,
				E04C5D4B2C8EF11E00B00D6A /* UpdateUserAttributes */,
			);
			path = Requests;
			sourceTree = "<group>";
		};
		E04C5D582C8EF11E00B00D6A /* Operations */ = {
			isa = PBXGroup;
			children = (
				E04C5D4D2C8EF11E00B00D6A /* DateOperation.swift */,
				E04C5D4E2C8EF11E00B00D6A /* MessagesCountOperation.swift */,
				E04C5D4F2C8EF11E00B00D6A /* NetworkOperation.swift */,
				E04C5D502C8EF11E00B00D6A /* RegisterLinkClickOperation.swift */,
				E04C5D512C8EF11E00B00D6A /* SendAppInboxMessagesIdsOperation.swift */,
				E04C5D522C8EF11E00B00D6A /* SendDeviceOperation.swift */,
				E04C5D532C8EF11E00B00D6A /* SendErrorEventsOperation.swift */,
				E04C5D542C8EF11E00B00D6A /* SendEventsOperation.swift */,
				E04C5D552C8EF11E00B00D6A /* SendNotificationsStatusOperation.swift */,
				E04C5D562C8EF11E00B00D6A /* SendRecomEventsOperation.swift */,
				E04C5D572C8EF11E00B00D6A /* SendUserOperation.swift */,
			);
			path = Operations;
			sourceTree = "<group>";
		};
		E04C5D5A2C8EF11E00B00D6A /* Scheduler */ = {
			isa = PBXGroup;
			children = (
				E04C5D582C8EF11E00B00D6A /* Operations */,
				E04C5D592C8EF11E00B00D6A /* EventsSenderScheduler.swift */,
			);
			path = Scheduler;
			sourceTree = "<group>";
		};
		E04C5D5E2C8EF11E00B00D6A /* Services */ = {
			isa = PBXGroup;
			children = (
				E04C5D5B2C8EF11E00B00D6A /* MobileRequestService.swift */,
				E04C5D5C2C8EF11E00B00D6A /* SendingServices.swift */,
				E04C5D5D2C8EF11E00B00D6A /* SessionService.swift */,
			);
			path = Services;
			sourceTree = "<group>";
		};
		E04C5D602C8EF11E00B00D6A /* Storage */ = {
			isa = PBXGroup;
			children = (
				E04C5D5F2C8EF11E00B00D6A /* KeyValueStorage.swift */,
			);
			path = Storage;
			sourceTree = "<group>";
		};
		E04C5D632C8EF11E00B00D6A /* NotificationContentExtension */ = {
			isa = PBXGroup;
			children = (
				E04C5D612C8EF11E00B00D6A /* ImageCell.swift */,
				E04C5D622C8EF11E00B00D6A /* RetenoCarouselNotificationViewController.swift */,
			);
			path = NotificationContentExtension;
			sourceTree = "<group>";
		};
		E04C5D682C8EF11E00B00D6A /* UserNotifications */ = {
			isa = PBXGroup;
			children = (
				E04C5D632C8EF11E00B00D6A /* NotificationContentExtension */,
				E04C5D642C8EF11E00B00D6A /* RetenoNotificationServiceExtension.swift */,
				E04C5D652C8EF11E00B00D6A /* RetenoUserNotification.swift */,
				E04C5D662C8EF11E00B00D6A /* RetenoUserNotificationAction.swift */,
				E04C5D672C8EF11E00B00D6A /* UserNotificationService.swift */,
			);
			path = UserNotifications;
			sourceTree = "<group>";
		};
		E04C5D692C8EF11E00B00D6A /* Sources */ = {
			isa = PBXGroup;
			children = (
				E04C5CB32C8EF11E00B00D6A /* Analytics */,
				E04C5CB72C8EF11E00B00D6A /* AppInbox */,
				E04C5CBF2C8EF11E00B00D6A /* Builder */,
				E04C5CE72C8EF11E00B00D6A /* Common */,
				E04C5CEA2C8EF11E00B00D6A /* Core */,
				E04C5CED2C8EF11E00B00D6A /* DeepLinks */,
				E04C5CF62C8EF11E00B00D6A /* Ecommerce */,
				E04C5D082C8EF11E00B00D6A /* InAppMessages */,
				E04C5D0A2C8EF11E00B00D6A /* LinkHandler */,
				E04C5D182C8EF11E00B00D6A /* Network */,
				E04C5D1F2C8EF11E00B00D6A /* Recommendations */,
				E04C5D4C2C8EF11E00B00D6A /* Requests */,
				E04C5D5A2C8EF11E00B00D6A /* Scheduler */,
				E04C5D5E2C8EF11E00B00D6A /* Services */,
				E04C5D602C8EF11E00B00D6A /* Storage */,
				E04C5D682C8EF11E00B00D6A /* UserNotifications */,
			);
			path = Sources;
			sourceTree = "<group>";
		};
/* End PBXGroup section */

/* Begin PBXHeadersBuildPhase section */
		18D02BC328CA2F02008018F1 /* Headers */ = {
			isa = PBXHeadersBuildPhase;
			buildActionMask = 2147483647;
			files = (
				18D02BD928CA2F02008018F1 /* Reteno.h in Headers */,
			);
			runOnlyForDeploymentPostprocessing = 0;
		};
/* End PBXHeadersBuildPhase section */

/* Begin PBXNativeTarget section */
		18D02BC728CA2F02008018F1 /* Reteno */ = {
			isa = PBXNativeTarget;
			buildConfigurationList = 18D02BDC28CA2F02008018F1 /* Build configuration list for PBXNativeTarget "Reteno" */;
			buildPhases = (
				18D02BC328CA2F02008018F1 /* Headers */,
				18D02BC428CA2F02008018F1 /* Sources */,
				18D02BC528CA2F02008018F1 /* Frameworks */,
				18D02BC628CA2F02008018F1 /* Resources */,
			);
			buildRules = (
			);
			dependencies = (
			);
			name = Reteno;
			packageProductDependencies = (
			);
			productName = Reteno;
			productReference = 18D02BC828CA2F02008018F1 /* Reteno.framework */;
			productType = "com.apple.product-type.framework";
		};
/* End PBXNativeTarget section */

/* Begin PBXProject section */
		18D02BBF28CA2F02008018F1 /* Project object */ = {
			isa = PBXProject;
			attributes = {
				BuildIndependentTargetsInParallel = 1;
				LastSwiftUpdateCheck = 1340;
				LastUpgradeCheck = 1340;
				TargetAttributes = {
					18D02BC728CA2F02008018F1 = {
						CreatedOnToolsVersion = 13.4.1;
					};
				};
			};
			buildConfigurationList = 18D02BC228CA2F02008018F1 /* Build configuration list for PBXProject "Reteno" */;
			compatibilityVersion = "Xcode 13.0";
			developmentRegion = en;
			hasScannedForEncodings = 0;
			knownRegions = (
				en,
				Base,
			);
			mainGroup = 18D02BBE28CA2F02008018F1;
			packageReferences = (
			);
			productRefGroup = 18D02BC928CA2F02008018F1 /* Products */;
			projectDirPath = "";
			projectRoot = "";
			targets = (
				18D02BC728CA2F02008018F1 /* Reteno */,
			);
		};
/* End PBXProject section */

/* Begin PBXResourcesBuildPhase section */
		18D02BC628CA2F02008018F1 /* Resources */ = {
			isa = PBXResourcesBuildPhase;
			buildActionMask = 2147483647;
			files = (
			);
			runOnlyForDeploymentPostprocessing = 0;
		};
/* End PBXResourcesBuildPhase section */

/* Begin PBXSourcesBuildPhase section */
		18D02BC428CA2F02008018F1 /* Sources */ = {
			isa = PBXSourcesBuildPhase;
			buildActionMask = 2147483647;
			files = (
				E04C5D8A2C8EF11E00B00D6A /* JSONConverterHelper.swift in Sources */,
				E04C5DE32C8EF11E00B00D6A /* MessagesCountOperation.swift in Sources */,
				E04C5DB32C8EF11E00B00D6A /* ContainerError.swift in Sources */,
				E04C5DDE2C8EF11E00B00D6A /* UpdateUserAttributesRequest.swift in Sources */,
				E04C5DEF2C8EF11E00B00D6A /* SendingServices.swift in Sources */,
				E04C5D962C8EF11E00B00D6A /* ResponseHandler.swift in Sources */,
				E04C5D9A2C8EF11E00B00D6A /* DeepLinksProcessor.swift in Sources */,
				E04C5DA92C8EF11E00B00D6A /* NewInteraction.swift in Sources */,
				E04C5D722C8EF11E00B00D6A /* AnalyticsServiceBuilder.swift in Sources */,
				E04C5D7A2C8EF11E00B00D6A /* Array+Extensions.swift in Sources */,
				E04C5DA82C8EF11E00B00D6A /* InAppScriptMessage.swift in Sources */,
				E04C5D842C8EF11E00B00D6A /* DevicePlatformHelper.swift in Sources */,
				E04C5DBA2C8EF11E00B00D6A /* RequestDecorator.swift in Sources */,
				E04C5D6F2C8EF11E00B00D6A /* AppInbox.swift in Sources */,
				E04C5DBE2C8EF11E00B00D6A /* RecomEvent.swift in Sources */,
				E04C5DC92C8EF11E00B00D6A /* DeviceRequest.swift in Sources */,
				E04C5D942C8EF11E00B00D6A /* EmptyResponseHandler.swift in Sources */,
				E04C5D922C8EF11E00B00D6A /* DecodableResponseHandler.swift in Sources */,
				E04C5D822C8EF11E00B00D6A /* DeviceCategoryHelper.swift in Sources */,
				E04C5D9C2C8EF11E00B00D6A /* Order.swift in Sources */,
				E04C5D6E2C8EF11E00B00D6A /* AppLifecycleAnalyticsSevice.swift in Sources */,
				E04C5DE22C8EF11E00B00D6A /* DateOperation.swift in Sources */,
				E04C5D742C8EF11E00B00D6A /* MobileRequestServiceBuilder.swift in Sources */,
				E04C5DCF2C8EF11E00B00D6A /* InAppBaseHTMLRequest.swift in Sources */,
				E04C5D952C8EF11E00B00D6A /* RecomsResponseHandler.swift in Sources */,
				E04C5DE42C8EF11E00B00D6A /* NetworkOperation.swift in Sources */,
				E04C5DB02C8EF11E00B00D6A /* LinkHandler.swift in Sources */,
				E04C5DB92C8EF11E00B00D6A /* ParameterEncoding.swift in Sources */,
				E04C5DF02C8EF11E00B00D6A /* SessionService.swift in Sources */,
				E04C5DCA2C8EF11E00B00D6A /* EmptyResponse.swift in Sources */,
				E04C5D8F2C8EF11E00B00D6A /* ExpirableData.swift in Sources */,
				E04C5D812C8EF11E00B00D6A /* AppVersionHelper.swift in Sources */,
				E04C5DF62C8EF11E00B00D6A /* RetenoUserNotificationAction.swift in Sources */,
				E04C5DBC2C8EF11E00B00D6A /* ResponseData.swift in Sources */,
				E04C5DC02C8EF11E00B00D6A /* RecomFilter.swift in Sources */,
				E04C5D7C2C8EF11E00B00D6A /* Date+Utils.swift in Sources */,
				E04C5D972C8EF11E00B00D6A /* Autolayout.swift in Sources */,
				E04C5DA32C8EF11E00B00D6A /* InApp.swift in Sources */,
				E04C5D902C8EF11E00B00D6A /* Groupable.swift in Sources */,
				E04C5DC82C8EF11E00B00D6A /* DeviceCategory.swift in Sources */,
				E04C5DA42C8EF11E00B00D6A /* InAppAsyncCheck.swift in Sources */,
				E04C5D7D2C8EF11E00B00D6A /* Operation+Extensions.swift in Sources */,
				E04C5DB22C8EF11E00B00D6A /* APIStatusError.swift in Sources */,
				E04C5DDA2C8EF11E00B00D6A /* NotificationStatus.swift in Sources */,
				E04C5DD32C8EF11E00B00D6A /* InAppMessagesRequest.swift in Sources */,
				E04C5DDC2C8EF11E00B00D6A /* Address.swift in Sources */,
				E04C5DAB2C8EF11E00B00D6A /* InAppService.swift in Sources */,
				E04C5DDF2C8EF11E00B00D6A /* User.swift in Sources */,
				E04C5DB82C8EF11E00B00D6A /* HTTPMethod.swift in Sources */,
				E04C5D782C8EF11E00B00D6A /* UnauthorizedAuthNetworkBuilder.swift in Sources */,
				E04C5DB52C8EF11E00B00D6A /* APIRequest.swift in Sources */,
				E04C5DE92C8EF11E00B00D6A /* SendEventsOperation.swift in Sources */,
				E04C5DC62C8EF11E00B00D6A /* AppInboxMarkAsOpenedRequest.swift in Sources */,
				E04C5DEA2C8EF11E00B00D6A /* SendNotificationsStatusOperation.swift in Sources */,
				E04C5D732C8EF11E00B00D6A /* EventsSenderSchedulerBuilder.swift in Sources */,
				E04C5DE72C8EF11E00B00D6A /* SendDeviceOperation.swift in Sources */,
				E04C5DE82C8EF11E00B00D6A /* SendErrorEventsOperation.swift in Sources */,
				E04C5DED2C8EF11E00B00D6A /* EventsSenderScheduler.swift in Sources */,
				E04C5DBD2C8EF11E00B00D6A /* RecommendableProduct.swift in Sources */,
				E04C5D982C8EF11E00B00D6A /* Reteno.swift in Sources */,
				E04C5DB12C8EF11E00B00D6A /* APIClientError.swift in Sources */,
				E04C5DE62C8EF11E00B00D6A /* SendAppInboxMessagesIdsOperation.swift in Sources */,
				E04C5D6C2C8EF11E00B00D6A /* Analytics+UNUserNotificationCenter.swift in Sources */,
				E04C5DF12C8EF11E00B00D6A /* KeyValueStorage.swift in Sources */,
				E04C5DA62C8EF11E00B00D6A /* InAppMessage.swift in Sources */,
				E04C5DA22C8EF11E00B00D6A /* InAppMessageWebViewController.swift in Sources */,
				E04C5DF22C8EF11E00B00D6A /* ImageCell.swift in Sources */,
				E04C5DDD2C8EF11E00B00D6A /* AnonymousUserAttributes.swift in Sources */,
				E04C5D7B2C8EF11E00B00D6A /* Codable+Dictionary.swift in Sources */,
				E04C5D6D2C8EF11E00B00D6A /* AnalyticsService.swift in Sources */,
				E04C5DB42C8EF11E00B00D6A /* NetworkError.swift in Sources */,
				E04C5D752C8EF11E00B00D6A /* NetworkBuilder.swift in Sources */,
				E04C5DC32C8EF11E00B00D6A /* AppInboxMessagesResponse.swift in Sources */,
				E04C5DD72C8EF11E00B00D6A /* RecomsRequest.swift in Sources */,
				E04C5DCB2C8EF11E00B00D6A /* ErrorEvent.swift in Sources */,
				E04C5D8B2C8EF11E00B00D6A /* RetenoNotificationsHelper.swift in Sources */,
				E04C5DAC2C8EF11E00B00D6A /* InAppMessagePresenter.swift in Sources */,
				E04C5D8C2C8EF11E00B00D6A /* ErrorLogger.swift in Sources */,
				E04C5DAF2C8EF11E00B00D6A /* PauseBehavior.swift in Sources */,
				E04C5DC52C8EF11E00B00D6A /* AppInboxMessagesCountResponse.swift in Sources */,
				E04C5DC42C8EF11E00B00D6A /* AppInboxMessagesCountRequest.swift in Sources */,
				E04C5DD52C8EF11E00B00D6A /* NewInAppInteractionRequest.swift in Sources */,
				E04C5D872C8EF11E00B00D6A /* DebugModeHelper.swift in Sources */,
				E04C5DE12C8EF11E00B00D6A /* UserCustomField.swift in Sources */,
				E04C5D862C8EF11E00B00D6A /* BundleIdHelper.swift in Sources */,
				E04C5D9D2C8EF11E00B00D6A /* Product.swift in Sources */,
				E04C5DAA2C8EF11E00B00D6A /* InAppRequestService.swift in Sources */,
				E04C5D992C8EF11E00B00D6A /* RetenoConfiguration.swift in Sources */,
				E04C5DA52C8EF11E00B00D6A /* InAppContents.swift in Sources */,
				E04C5DE52C8EF11E00B00D6A /* RegisterLinkClickOperation.swift in Sources */,
				E04C5DEB2C8EF11E00B00D6A /* SendRecomEventsOperation.swift in Sources */,
				E04C5D832C8EF11E00B00D6A /* DeviceIdHelper.swift in Sources */,
				E04C5D882C8EF11E00B00D6A /* ExternalUserDataHelper.swift in Sources */,
				E04C5DC12C8EF11E00B00D6A /* Recommendations.swift in Sources */,
				E04C5DE02C8EF11E00B00D6A /* UserAttributes.swift in Sources */,
				E04C5DF72C8EF11E00B00D6A /* UserNotificationService.swift in Sources */,
				E04C5D762C8EF11E00B00D6A /* SendingServiceBuilder.swift in Sources */,
				E04C5DDB2C8EF11E00B00D6A /* UpdateInteractionStatusRequest.swift in Sources */,
				E04C5D6A2C8EF11E00B00D6A /* Analytics+SwiftUI.swift in Sources */,
				E04C5DCE2C8EF11E00B00D6A /* EventRequest.swift in Sources */,
				18D02BCD28CA2F02008018F1 /* Reteno.docc in Sources */,
				E04C5D8D2C8EF11E00B00D6A /* Logger.swift in Sources */,
				E04C5DCD2C8EF11E00B00D6A /* Event.swift in Sources */,
				E04C5DB62C8EF11E00B00D6A /* BaseURL.swift in Sources */,
				E04C5D702C8EF11E00B00D6A /* AppInboxMessage.swift in Sources */,
				E04C5D802C8EF11E00B00D6A /* AdvertisingIdHelper.swift in Sources */,
				E04C5DD22C8EF11E00B00D6A /* InAppMessageRequest.swift in Sources */,
				E04C5D7F2C8EF11E00B00D6A /* UIApplication+Extensions.swift in Sources */,
				E04C5DAD2C8EF11E00B00D6A /* InAppMessages.swift in Sources */,
				E04C5DEE2C8EF11E00B00D6A /* MobileRequestService.swift in Sources */,
				E04C5DA72C8EF11E00B00D6A /* InAppMessageLists.swift in Sources */,
				E04C5DF42C8EF11E00B00D6A /* RetenoNotificationServiceExtension.swift in Sources */,
				E04C5D852C8EF11E00B00D6A /* ApiKeyHelper.swift in Sources */,
				E04C5D912C8EF11E00B00D6A /* JSONInitable.swift in Sources */,
				E04C5DC22C8EF11E00B00D6A /* AppInboxMessagesRequest.swift in Sources */,
				E04C5DD02C8EF11E00B00D6A /* InAppCheckAsyncRulesRequest.swift in Sources */,
				E04C5D9B2C8EF11E00B00D6A /* StorableLink.swift in Sources */,
				E04C5DBF2C8EF11E00B00D6A /* RecomEvents.swift in Sources */,
				E04C5DD82C8EF11E00B00D6A /* RegisterLinkClickRequest.swift in Sources */,
				E04C5DD12C8EF11E00B00D6A /* InAppMessageContentRequest.swift in Sources */,
				E04C5DD62C8EF11E00B00D6A /* RecomEventsRequest.swift in Sources */,
				E04C5D8E2C8EF11E00B00D6A /* EventsSender.swift in Sources */,
				E04C5D892C8EF11E00B00D6A /* ExternalUserIdHelper.swift in Sources */,
				E04C5DBB2C8EF11E00B00D6A /* RequestManager.swift in Sources */,
				E04C5DF32C8EF11E00B00D6A /* RetenoCarouselNotificationViewController.swift in Sources */,
				E04C5D6B2C8EF11E00B00D6A /* Analytics+UIViewController.swift in Sources */,
				E04C5D9F2C8EF11E00B00D6A /* ProductInCart.swift in Sources */,
				E04C5DA02C8EF11E00B00D6A /* EcommerceEvent.swift in Sources */,
				E04C5D772C8EF11E00B00D6A /* StorageBuilder.swift in Sources */,
				E04C5DA12C8EF11E00B00D6A /* Ecommerce.swift in Sources */,
				E04C5D9E2C8EF11E00B00D6A /* ProductCategory.swift in Sources */,
				E04C5D7E2C8EF11E00B00D6A /* Optional+Extensions.swift in Sources */,
				E04C5DC72C8EF11E00B00D6A /* Device.swift in Sources */,
				E04C5DD92C8EF11E00B00D6A /* InteractionStatus.swift in Sources */,
				E04C5DEC2C8EF11E00B00D6A /* SendUserOperation.swift in Sources */,
				E04C5DF52C8EF11E00B00D6A /* RetenoUserNotification.swift in Sources */,
				E04C5DB72C8EF11E00B00D6A /* Dictionary+getHeaderValue.swift in Sources */,
				E04C5D792C8EF11E00B00D6A /* BaseBEDateFormatter.swift in Sources */,
				E04C5D712C8EF11E00B00D6A /* AppInboxMessageStorableId.swift in Sources */,
				E04C5DD42C8EF11E00B00D6A /* InAppScriptEventRequest.swift in Sources */,
				E04C5DAE2C8EF11E00B00D6A /* InAppMessageStatus.swift in Sources */,
				E04C5D932C8EF11E00B00D6A /* DictionaryResponseHandler.swift in Sources */,
				E04C5DCC2C8EF11E00B00D6A /* ErrorEventRequest.swift in Sources */,
			);
			runOnlyForDeploymentPostprocessing = 0;
		};
/* End PBXSourcesBuildPhase section */

/* Begin XCBuildConfiguration section */
		18D02BDA28CA2F02008018F1 /* Debug */ = {
			isa = XCBuildConfiguration;
			buildSettings = {
				ALWAYS_SEARCH_USER_PATHS = NO;
				CLANG_ANALYZER_NONNULL = YES;
				CLANG_ANALYZER_NUMBER_OBJECT_CONVERSION = YES_AGGRESSIVE;
				CLANG_CXX_LANGUAGE_STANDARD = "gnu++17";
				CLANG_ENABLE_MODULES = YES;
				CLANG_ENABLE_OBJC_ARC = YES;
				CLANG_ENABLE_OBJC_WEAK = YES;
				CLANG_WARN_BLOCK_CAPTURE_AUTORELEASING = YES;
				CLANG_WARN_BOOL_CONVERSION = YES;
				CLANG_WARN_COMMA = YES;
				CLANG_WARN_CONSTANT_CONVERSION = YES;
				CLANG_WARN_DEPRECATED_OBJC_IMPLEMENTATIONS = YES;
				CLANG_WARN_DIRECT_OBJC_ISA_USAGE = YES_ERROR;
				CLANG_WARN_DOCUMENTATION_COMMENTS = YES;
				CLANG_WARN_EMPTY_BODY = YES;
				CLANG_WARN_ENUM_CONVERSION = YES;
				CLANG_WARN_INFINITE_RECURSION = YES;
				CLANG_WARN_INT_CONVERSION = YES;
				CLANG_WARN_NON_LITERAL_NULL_CONVERSION = YES;
				CLANG_WARN_OBJC_IMPLICIT_RETAIN_SELF = YES;
				CLANG_WARN_OBJC_LITERAL_CONVERSION = YES;
				CLANG_WARN_OBJC_ROOT_CLASS = YES_ERROR;
				CLANG_WARN_QUOTED_INCLUDE_IN_FRAMEWORK_HEADER = YES;
				CLANG_WARN_RANGE_LOOP_ANALYSIS = YES;
				CLANG_WARN_STRICT_PROTOTYPES = YES;
				CLANG_WARN_SUSPICIOUS_MOVE = YES;
				CLANG_WARN_UNGUARDED_AVAILABILITY = YES_AGGRESSIVE;
				CLANG_WARN_UNREACHABLE_CODE = YES;
				CLANG_WARN__DUPLICATE_METHOD_MATCH = YES;
				COPY_PHASE_STRIP = NO;
				CURRENT_PROJECT_VERSION = 1;
				DEBUG_INFORMATION_FORMAT = dwarf;
				ENABLE_STRICT_OBJC_MSGSEND = YES;
				ENABLE_TESTABILITY = YES;
				GCC_C_LANGUAGE_STANDARD = gnu11;
				GCC_DYNAMIC_NO_PIC = NO;
				GCC_NO_COMMON_BLOCKS = YES;
				GCC_OPTIMIZATION_LEVEL = 0;
				GCC_PREPROCESSOR_DEFINITIONS = (
					"DEBUG=1",
					"$(inherited)",
				);
				GCC_WARN_64_TO_32_BIT_CONVERSION = YES;
				GCC_WARN_ABOUT_RETURN_TYPE = YES_ERROR;
				GCC_WARN_UNDECLARED_SELECTOR = YES;
				GCC_WARN_UNINITIALIZED_AUTOS = YES_AGGRESSIVE;
				GCC_WARN_UNUSED_FUNCTION = YES;
				GCC_WARN_UNUSED_VARIABLE = YES;
				IPHONEOS_DEPLOYMENT_TARGET = 15.5;
				MTL_ENABLE_DEBUG_INFO = INCLUDE_SOURCE;
				MTL_FAST_MATH = YES;
				ONLY_ACTIVE_ARCH = YES;
				SDKROOT = iphoneos;
				SWIFT_ACTIVE_COMPILATION_CONDITIONS = DEBUG;
				SWIFT_OPTIMIZATION_LEVEL = "-Onone";
				VERSIONING_SYSTEM = "apple-generic";
				VERSION_INFO_PREFIX = "";
			};
			name = Debug;
		};
		18D02BDB28CA2F02008018F1 /* Release */ = {
			isa = XCBuildConfiguration;
			buildSettings = {
				ALWAYS_SEARCH_USER_PATHS = NO;
				CLANG_ANALYZER_NONNULL = YES;
				CLANG_ANALYZER_NUMBER_OBJECT_CONVERSION = YES_AGGRESSIVE;
				CLANG_CXX_LANGUAGE_STANDARD = "gnu++17";
				CLANG_ENABLE_MODULES = YES;
				CLANG_ENABLE_OBJC_ARC = YES;
				CLANG_ENABLE_OBJC_WEAK = YES;
				CLANG_WARN_BLOCK_CAPTURE_AUTORELEASING = YES;
				CLANG_WARN_BOOL_CONVERSION = YES;
				CLANG_WARN_COMMA = YES;
				CLANG_WARN_CONSTANT_CONVERSION = YES;
				CLANG_WARN_DEPRECATED_OBJC_IMPLEMENTATIONS = YES;
				CLANG_WARN_DIRECT_OBJC_ISA_USAGE = YES_ERROR;
				CLANG_WARN_DOCUMENTATION_COMMENTS = YES;
				CLANG_WARN_EMPTY_BODY = YES;
				CLANG_WARN_ENUM_CONVERSION = YES;
				CLANG_WARN_INFINITE_RECURSION = YES;
				CLANG_WARN_INT_CONVERSION = YES;
				CLANG_WARN_NON_LITERAL_NULL_CONVERSION = YES;
				CLANG_WARN_OBJC_IMPLICIT_RETAIN_SELF = YES;
				CLANG_WARN_OBJC_LITERAL_CONVERSION = YES;
				CLANG_WARN_OBJC_ROOT_CLASS = YES_ERROR;
				CLANG_WARN_QUOTED_INCLUDE_IN_FRAMEWORK_HEADER = YES;
				CLANG_WARN_RANGE_LOOP_ANALYSIS = YES;
				CLANG_WARN_STRICT_PROTOTYPES = YES;
				CLANG_WARN_SUSPICIOUS_MOVE = YES;
				CLANG_WARN_UNGUARDED_AVAILABILITY = YES_AGGRESSIVE;
				CLANG_WARN_UNREACHABLE_CODE = YES;
				CLANG_WARN__DUPLICATE_METHOD_MATCH = YES;
				COPY_PHASE_STRIP = NO;
				CURRENT_PROJECT_VERSION = 1;
				DEBUG_INFORMATION_FORMAT = "dwarf-with-dsym";
				ENABLE_NS_ASSERTIONS = NO;
				ENABLE_STRICT_OBJC_MSGSEND = YES;
				GCC_C_LANGUAGE_STANDARD = gnu11;
				GCC_NO_COMMON_BLOCKS = YES;
				GCC_WARN_64_TO_32_BIT_CONVERSION = YES;
				GCC_WARN_ABOUT_RETURN_TYPE = YES_ERROR;
				GCC_WARN_UNDECLARED_SELECTOR = YES;
				GCC_WARN_UNINITIALIZED_AUTOS = YES_AGGRESSIVE;
				GCC_WARN_UNUSED_FUNCTION = YES;
				GCC_WARN_UNUSED_VARIABLE = YES;
				IPHONEOS_DEPLOYMENT_TARGET = 15.5;
				MTL_ENABLE_DEBUG_INFO = NO;
				MTL_FAST_MATH = YES;
				SDKROOT = iphoneos;
				SWIFT_COMPILATION_MODE = wholemodule;
				SWIFT_OPTIMIZATION_LEVEL = "-O";
				VALIDATE_PRODUCT = YES;
				VERSIONING_SYSTEM = "apple-generic";
				VERSION_INFO_PREFIX = "";
			};
			name = Release;
		};
		18D02BDD28CA2F02008018F1 /* Debug */ = {
			isa = XCBuildConfiguration;
			buildSettings = {
				CODE_SIGN_STYLE = Automatic;
				CURRENT_PROJECT_VERSION = 1;
				DEFINES_MODULE = YES;
				DYLIB_COMPATIBILITY_VERSION = 1;
				DYLIB_CURRENT_VERSION = 1;
				DYLIB_INSTALL_NAME_BASE = "@rpath";
				GENERATE_INFOPLIST_FILE = YES;
				INFOPLIST_KEY_NSHumanReadableCopyright = "";
				INSTALL_PATH = "$(LOCAL_LIBRARY_DIR)/Frameworks";
				IPHONEOS_DEPLOYMENT_TARGET = 14.0;
				LD_RUNPATH_SEARCH_PATHS = (
					"$(inherited)",
					"@executable_path/Frameworks",
					"@loader_path/Frameworks",
				);
				MARKETING_VERSION = 1.0;
				PRODUCT_BUNDLE_IDENTIFIER = Yespo.Reteno;
				PRODUCT_NAME = "$(TARGET_NAME:c99extidentifier)";
				SKIP_INSTALL = YES;
				SUPPORTS_MACCATALYST = NO;
				SWIFT_EMIT_LOC_STRINGS = YES;
				SWIFT_VERSION = 5.0;
				TARGETED_DEVICE_FAMILY = "1,2";
			};
			name = Debug;
		};
		18D02BDE28CA2F02008018F1 /* Release */ = {
			isa = XCBuildConfiguration;
			buildSettings = {
				CODE_SIGN_STYLE = Automatic;
				CURRENT_PROJECT_VERSION = 1;
				DEFINES_MODULE = YES;
				DYLIB_COMPATIBILITY_VERSION = 1;
				DYLIB_CURRENT_VERSION = 1;
				DYLIB_INSTALL_NAME_BASE = "@rpath";
				GENERATE_INFOPLIST_FILE = YES;
				INFOPLIST_KEY_NSHumanReadableCopyright = "";
				INSTALL_PATH = "$(LOCAL_LIBRARY_DIR)/Frameworks";
				IPHONEOS_DEPLOYMENT_TARGET = 14.0;
				LD_RUNPATH_SEARCH_PATHS = (
					"$(inherited)",
					"@executable_path/Frameworks",
					"@loader_path/Frameworks",
				);
				MARKETING_VERSION = 1.0;
				PRODUCT_BUNDLE_IDENTIFIER = Yespo.Reteno;
				PRODUCT_NAME = "$(TARGET_NAME:c99extidentifier)";
				SKIP_INSTALL = YES;
				SUPPORTS_MACCATALYST = NO;
				SWIFT_EMIT_LOC_STRINGS = YES;
				SWIFT_VERSION = 5.0;
				TARGETED_DEVICE_FAMILY = "1,2";
			};
			name = Release;
		};
/* End XCBuildConfiguration section */

/* Begin XCConfigurationList section */
		18D02BC228CA2F02008018F1 /* Build configuration list for PBXProject "Reteno" */ = {
			isa = XCConfigurationList;
			buildConfigurations = (
				18D02BDA28CA2F02008018F1 /* Debug */,
				18D02BDB28CA2F02008018F1 /* Release */,
			);
			defaultConfigurationIsVisible = 0;
			defaultConfigurationName = Release;
		};
		18D02BDC28CA2F02008018F1 /* Build configuration list for PBXNativeTarget "Reteno" */ = {
			isa = XCConfigurationList;
			buildConfigurations = (
				18D02BDD28CA2F02008018F1 /* Debug */,
				18D02BDE28CA2F02008018F1 /* Release */,
			);
			defaultConfigurationIsVisible = 0;
			defaultConfigurationName = Release;
		};
/* End XCConfigurationList section */
	};
	rootObject = 18D02BBF28CA2F02008018F1 /* Project object */;
}
